PODS:
  - Alamofire (3.3.1)
  - BBBadgeBarButtonItem (1.2)
  - Bolts (1.7.0):
    - Bolts/AppLinks (= 1.7.0)
    - Bolts/Tasks (= 1.7.0)
  - Bolts/AppLinks (1.7.0):
    - Bolts/Tasks
  - Bolts/Tasks (1.7.0)
  - Bond (4.3.1)
  - ChameleonFramework/Default (2.1.0)
  - ChameleonFramework/Swift (2.1.0):
    - ChameleonFramework/Default
  - FBSDKCoreKit (4.11.0):
    - Bolts (~> 1.7)
  - FBSDKLoginKit (4.11.0):
    - FBSDKCoreKit
  - FBSDKShareKit (4.11.0):
    - FBSDKCoreKit
  - RSKImageCropper (1.4.1)
  - SDWebImage (3.8.1):
    - SDWebImage/Core (= 3.8.1)
  - SDWebImage/Core (3.8.1)
  - Spring (1.0.3)
  - SwiftyJSON (2.3.2)
  - YALSideMenu (1.2.0)

DEPENDENCIES:
  - Alamofire
  - BBBadgeBarButtonItem
  - Bond
  - ChameleonFramework/Swift
  - FBSDKCoreKit
  - FBSDKLoginKit
  - FBSDKShareKit
  - RSKImageCropper
  - SDWebImage
  - Spring (from `https://github.com/MengTo/Spring.git`, branch `swift2`)
  - SwiftyJSON
  - YALSideMenu

EXTERNAL SOURCES:
  Spring:
    :branch: swift2
    :git: https://github.com/MengTo/Spring.git

CHECKOUT OPTIONS:
  Spring:
    :commit: 18d5c7b74489de8044e34767f856d1e574f0820e
    :git: https://github.com/MengTo/Spring.git

SPEC CHECKSUMS:
  Alamofire: 369bc67b6f5ac33ded3648d7bd21c5bfb91c2ecc
  BBBadgeBarButtonItem: c2fbca0bff18e21b70defc9438a8a5048008e7ca
  Bolts: a0058fa3b331c5a1e4402d534f2dae36dbff31e4
  Bond: 55903fc67f09e8e49791a657163cabba1d6fb29d
  ChameleonFramework: d21a3cc247abfe5e37609a283a8238b03575cf64
  FBSDKCoreKit: 686ac982723a14ec9ddb85e2f81235d7706c891b
  FBSDKLoginKit: bade9fc78277764149ccc5bfaadbf13c83175c6a
  FBSDKShareKit: 2d1746144cfc8a9dbbd24997c34ee0471be51b6a
  RSKImageCropper: 98ae426eb4eb11b733ff87f8e2542a480f4fa8e6
  SDWebImage: 35f9627a3e44b4f292a8a8ce6a531fa488239b91
  Spring: 3f02b5dc3308572ef177b3cad0fa7bbc4b0706f7
  SwiftyJSON: 04ccea08915aa0109039157c7974cf0298da292a
  YALSideMenu: da4847fb57b724482040751bf02b9b97f7b89819

COCOAPODS: 0.39.0
