// !$*UTF8*$!
{
	archiveVersion = 1;
	classes = {
	};
	objectVersion = 46;
	objects = {

/* Begin PBXBuildFile section */
		0B0057311D221AB3000A8472 /* Settings.swift in Sources */ = {isa = PBXBuildFile; fileRef = 0B0057301D221AB3000A8472 /* Settings.swift */; };
		0B0057351D24E4E1000A8472 /* StampedDateManager.swift in Sources */ = {isa = PBXBuildFile; fileRef = 0B0057341D24E4E1000A8472 /* StampedDateManager.swift */; };
		0B0057381D256390000A8472 /* StampedDate.swift in Sources */ = {isa = PBXBuildFile; fileRef = 0B0057371D256390000A8472 /* StampedDate.swift */; };
		0B0DD70E1C05805800BF9E7F /* Calendar.swift in Sources */ = {isa = PBXBuildFile; fileRef = 0B0DD70D1C05805800BF9E7F /* Calendar.swift */; };
		0B0DD7101C05807200BF9E7F /* CalenderManager.swift in Sources */ = {isa = PBXBuildFile; fileRef = 0B0DD70F1C05807200BF9E7F /* CalenderManager.swift */; };
		0B0DD7121C05823900BF9E7F /* NSDate+Extension.swift in Sources */ = {isa = PBXBuildFile; fileRef = 0B0DD7111C05823900BF9E7F /* NSDate+Extension.swift */; };
		0B0E59BA1C15569500522111 /* ハート.jpg in Resources */ = {isa = PBXBuildFile; fileRef = 0B0E59B91C15569500522111 /* ハート.jpg */; };
		0B141D6C1C290DBB0029E6EA /* RecordTableView.swift in Sources */ = {isa = PBXBuildFile; fileRef = 0B141D6B1C290DBB0029E6EA /* RecordTableView.swift */; };
		0B141D6F1C2911360029E6EA /* RankingTableViewCell.swift in Sources */ = {isa = PBXBuildFile; fileRef = 0B141D6D1C2911360029E6EA /* RankingTableViewCell.swift */; };
		0B141D701C2911360029E6EA /* RankingTableViewCell.xib in Resources */ = {isa = PBXBuildFile; fileRef = 0B141D6E1C2911360029E6EA /* RankingTableViewCell.xib */; };
		0B141D771C2A40840029E6EA /* sideUserTableViewCell.swift in Sources */ = {isa = PBXBuildFile; fileRef = 0B141D751C2A40840029E6EA /* sideUserTableViewCell.swift */; };
		0B141D781C2A40840029E6EA /* sideUserTableViewCell.xib in Resources */ = {isa = PBXBuildFile; fileRef = 0B141D761C2A40840029E6EA /* sideUserTableViewCell.xib */; };
		0B141D7E1C2A63760029E6EA /* menu.png in Resources */ = {isa = PBXBuildFile; fileRef = 0B141D7B1C2A63760029E6EA /* menu.png */; };
		0B2199061D099ACF008FD0D4 /* CalendarThemeColor.swift in Sources */ = {isa = PBXBuildFile; fileRef = 0B2199051D099ACF008FD0D4 /* CalendarThemeColor.swift */; };
		0B2199081D099B1F008FD0D4 /* CalendarThemeColors.swift in Sources */ = {isa = PBXBuildFile; fileRef = 0B2199071D099B1F008FD0D4 /* CalendarThemeColors.swift */; };
		0B2338431D41DCA00021A184 /* UIStroryBoard+Extension.swift in Sources */ = {isa = PBXBuildFile; fileRef = 0B2338421D41DCA00021A184 /* UIStroryBoard+Extension.swift */; };
		0B23F04A1D2FBC5400BAA63E /* CreateCalendar.storyboard in Resources */ = {isa = PBXBuildFile; fileRef = 0B23F0491D2FBC5400BAA63E /* CreateCalendar.storyboard */; };
		0B23F04C1D2FE50300BAA63E /* CreateCalendarViewController.swift in Sources */ = {isa = PBXBuildFile; fileRef = 0B23F04B1D2FE50300BAA63E /* CreateCalendarViewController.swift */; };
		0B23F04E1D2FE81000BAA63E /* CreateCalendarVM.swift in Sources */ = {isa = PBXBuildFile; fileRef = 0B23F04D1D2FE81000BAA63E /* CreateCalendarVM.swift */; };
		0B23F0501D2FED8000BAA63E /* CreateCalendarView.swift in Sources */ = {isa = PBXBuildFile; fileRef = 0B23F04F1D2FED8000BAA63E /* CreateCalendarView.swift */; };
		0B23F05A1D31F1BD00BAA63E /* StampImageTableViewCell.swift in Sources */ = {isa = PBXBuildFile; fileRef = 0B23F0581D31F1BD00BAA63E /* StampImageTableViewCell.swift */; };
		0B23F05B1D31F1BD00BAA63E /* StampImageTableViewCell.xib in Resources */ = {isa = PBXBuildFile; fileRef = 0B23F0591D31F1BD00BAA63E /* StampImageTableViewCell.xib */; };
		0B23F0651D31F4A800BAA63E /* color.png in Resources */ = {isa = PBXBuildFile; fileRef = 0B23F0611D31F4A800BAA63E /* color.png */; };
		0B23F0661D31F4A800BAA63E /* pen.png in Resources */ = {isa = PBXBuildFile; fileRef = 0B23F0621D31F4A800BAA63E /* pen.png */; };
		0B23F0671D31F4A800BAA63E /* users.png in Resources */ = {isa = PBXBuildFile; fileRef = 0B23F0631D31F4A800BAA63E /* users.png */; };
		0B23F0691D31F59A00BAA63E /* camera.png in Resources */ = {isa = PBXBuildFile; fileRef = 0B23F0681D31F59A00BAA63E /* camera.png */; };
		0B23F06B1D324FD300BAA63E /* Disclosure Indicator.png in Resources */ = {isa = PBXBuildFile; fileRef = 0B23F06A1D324FD300BAA63E /* Disclosure Indicator.png */; };
		0B23F06F1D361ADE00BAA63E /* Cancel.png in Resources */ = {isa = PBXBuildFile; fileRef = 0B23F06E1D361ADD00BAA63E /* Cancel.png */; };
		0B27EE831D51F95900F0F67C /* UIFont+Extension.swift in Sources */ = {isa = PBXBuildFile; fileRef = 0B27EE821D51F95900F0F67C /* UIFont+Extension.swift */; };
		0B27EE8C1D5214F700F0F67C /* ColorTableViewCell.swift in Sources */ = {isa = PBXBuildFile; fileRef = 0B27EE8A1D5214F700F0F67C /* ColorTableViewCell.swift */; };
		0B27EE8D1D5214F700F0F67C /* ColorTableViewCell.xib in Resources */ = {isa = PBXBuildFile; fileRef = 0B27EE8B1D5214F700F0F67C /* ColorTableViewCell.xib */; };
		0B27EE901D52150C00F0F67C /* defaultUser.png in Resources */ = {isa = PBXBuildFile; fileRef = 0B27EE8E1D52150C00F0F67C /* defaultUser.png */; };
		0B27EE911D52150C00F0F67C /* selectCircle.png in Resources */ = {isa = PBXBuildFile; fileRef = 0B27EE8F1D52150C00F0F67C /* selectCircle.png */; };
		0B27EE971D52151F00F0F67C /* SelectedUserCollectionView.swift in Sources */ = {isa = PBXBuildFile; fileRef = 0B27EE921D52151F00F0F67C /* SelectedUserCollectionView.swift */; };
		0B27EE981D52151F00F0F67C /* SelectedUserCollectionViewCell.swift in Sources */ = {isa = PBXBuildFile; fileRef = 0B27EE931D52151F00F0F67C /* SelectedUserCollectionViewCell.swift */; };
		0B27EE991D52151F00F0F67C /* SelectedUserCollectionVM.swift in Sources */ = {isa = PBXBuildFile; fileRef = 0B27EE941D52151F00F0F67C /* SelectedUserCollectionVM.swift */; };
		0B27EE9A1D52151F00F0F67C /* SelectUserTableViewCell.swift in Sources */ = {isa = PBXBuildFile; fileRef = 0B27EE951D52151F00F0F67C /* SelectUserTableViewCell.swift */; };
		0B27EE9B1D52151F00F0F67C /* SelectUserTableViewCell.xib in Resources */ = {isa = PBXBuildFile; fileRef = 0B27EE961D52151F00F0F67C /* SelectUserTableViewCell.xib */; };
		0B27EE9D1D52153A00F0F67C /* unSelctCircle.png in Resources */ = {isa = PBXBuildFile; fileRef = 0B27EE9C1D52153A00F0F67C /* unSelctCircle.png */; };
		0B27EE9F1D52154400F0F67C /* UserInvitaionVM.swift in Sources */ = {isa = PBXBuildFile; fileRef = 0B27EE9E1D52154400F0F67C /* UserInvitaionVM.swift */; };
		0B27EEA81D52157600F0F67C /* UserInvitationCollectionView.swift in Sources */ = {isa = PBXBuildFile; fileRef = 0B27EEA01D52157600F0F67C /* UserInvitationCollectionView.swift */; };
		0B27EEA91D52157600F0F67C /* UserInvitationCollectionViewCell.swift in Sources */ = {isa = PBXBuildFile; fileRef = 0B27EEA11D52157600F0F67C /* UserInvitationCollectionViewCell.swift */; };
		0B27EEAA1D52157600F0F67C /* UserInvitationCollectionViewCell.xib in Resources */ = {isa = PBXBuildFile; fileRef = 0B27EEA21D52157600F0F67C /* UserInvitationCollectionViewCell.xib */; };
		0B27EEAB1D52157600F0F67C /* UserInvitationManager.swift in Sources */ = {isa = PBXBuildFile; fileRef = 0B27EEA31D52157600F0F67C /* UserInvitationManager.swift */; };
		0B27EEAC1D52157600F0F67C /* UserInvitationTableViewCell.swift in Sources */ = {isa = PBXBuildFile; fileRef = 0B27EEA41D52157600F0F67C /* UserInvitationTableViewCell.swift */; };
		0B27EEAD1D52157600F0F67C /* UserInvitationTableViewCell.xib in Resources */ = {isa = PBXBuildFile; fileRef = 0B27EEA51D52157600F0F67C /* UserInvitationTableViewCell.xib */; };
		0B27EEAE1D52157600F0F67C /* UserInvitationView.swift in Sources */ = {isa = PBXBuildFile; fileRef = 0B27EEA61D52157600F0F67C /* UserInvitationView.swift */; };
		0B27EEAF1D52157600F0F67C /* UserInvitationViewController.swift in Sources */ = {isa = PBXBuildFile; fileRef = 0B27EEA71D52157600F0F67C /* UserInvitationViewController.swift */; };
		0B27EEB11D5216CF00F0F67C /* cancel_pink.png in Resources */ = {isa = PBXBuildFile; fileRef = 0B27EEB01D5216CF00F0F67C /* cancel_pink.png */; };
		0B27EEB81D52209E00F0F67C /* appointmentReminder.png in Resources */ = {isa = PBXBuildFile; fileRef = 0B27EEB71D52209E00F0F67C /* appointmentReminder.png */; };
		0B27EEBA1D5225C400F0F67C /* UINavigationItem+Extension.swift in Sources */ = {isa = PBXBuildFile; fileRef = 0B27EEB91D5225C400F0F67C /* UINavigationItem+Extension.swift */; };
		0B2B412D1C4A7C2C0031F9C2 /* ちっちさんImage.png in Resources */ = {isa = PBXBuildFile; fileRef = 0B2B412C1C4A7C2C0031F9C2 /* ちっちさんImage.png */; };
		0B37F81A1C2D156E00D6AE82 /* UserEdit.storyboard in Resources */ = {isa = PBXBuildFile; fileRef = 0B37F8191C2D156E00D6AE82 /* UserEdit.storyboard */; };
		0B37F8201C2DF6D400D6AE82 /* Launch Screen.storyboard in Resources */ = {isa = PBXBuildFile; fileRef = 0B37F81F1C2DF6D400D6AE82 /* Launch Screen.storyboard */; };
		0B37F8221C2DFA5700D6AE82 /* Icon-83.5@2x.png in Resources */ = {isa = PBXBuildFile; fileRef = 0B37F8211C2DFA5700D6AE82 /* Icon-83.5@2x.png */; };
		0B5C80AE1CBD439700459B8D /* Audio Wave 2-32.png in Resources */ = {isa = PBXBuildFile; fileRef = 0B5C80AC1CBD439600459B8D /* Audio Wave 2-32.png */; };
		0B5C80AF1CBD439700459B8D /* Calendar-32.png in Resources */ = {isa = PBXBuildFile; fileRef = 0B5C80AD1CBD439600459B8D /* Calendar-32.png */; };
		0B656A261C219E210024D6F3 /* TopViewController.swift in Sources */ = {isa = PBXBuildFile; fileRef = 0B656A251C219E210024D6F3 /* TopViewController.swift */; };
		0B656A281C219E330024D6F3 /* SignUpViewController.swift in Sources */ = {isa = PBXBuildFile; fileRef = 0B656A271C219E330024D6F3 /* SignUpViewController.swift */; };
		0B656A2A1C219E400024D6F3 /* LoginViewController.swift in Sources */ = {isa = PBXBuildFile; fileRef = 0B656A291C219E400024D6F3 /* LoginViewController.swift */; };
		0B656A2D1C21A96A0024D6F3 /* CreateUserTableViewCell.swift in Sources */ = {isa = PBXBuildFile; fileRef = 0B656A2B1C21A96A0024D6F3 /* CreateUserTableViewCell.swift */; };
		0B656A2E1C21A96A0024D6F3 /* CreateUserTableViewCell.xib in Resources */ = {isa = PBXBuildFile; fileRef = 0B656A2C1C21A96A0024D6F3 /* CreateUserTableViewCell.xib */; };
		0B656A391C21B3E20024D6F3 /* NextBtnTableViewCell.swift in Sources */ = {isa = PBXBuildFile; fileRef = 0B656A371C21B3E20024D6F3 /* NextBtnTableViewCell.swift */; };
		0B656A3A1C21B3E20024D6F3 /* NextBtnTableViewCell.xib in Resources */ = {isa = PBXBuildFile; fileRef = 0B656A381C21B3E20024D6F3 /* NextBtnTableViewCell.xib */; };
		0B656A3F1C21B6410024D6F3 /* OrViewTableViewCell.swift in Sources */ = {isa = PBXBuildFile; fileRef = 0B656A3D1C21B6410024D6F3 /* OrViewTableViewCell.swift */; };
		0B656A401C21B6410024D6F3 /* OrViewTableViewCell.xib in Resources */ = {isa = PBXBuildFile; fileRef = 0B656A3E1C21B6410024D6F3 /* OrViewTableViewCell.xib */; };
		0B6A927E1BEF3BF2009A7B2E /* AppDelegate.swift in Sources */ = {isa = PBXBuildFile; fileRef = 0B6A927D1BEF3BF2009A7B2E /* AppDelegate.swift */; };
		0B6A92801BEF3BF2009A7B2E /* CalendarViewController.swift in Sources */ = {isa = PBXBuildFile; fileRef = 0B6A927F1BEF3BF2009A7B2E /* CalendarViewController.swift */; };
		0B6A92831BEF3BF2009A7B2E /* Main.storyboard in Resources */ = {isa = PBXBuildFile; fileRef = 0B6A92811BEF3BF2009A7B2E /* Main.storyboard */; };
		0B6A92851BEF3BF2009A7B2E /* Assets.xcassets in Resources */ = {isa = PBXBuildFile; fileRef = 0B6A92841BEF3BF2009A7B2E /* Assets.xcassets */; };
		0B6A92881BEF3BF2009A7B2E /* LaunchScreen.storyboard in Resources */ = {isa = PBXBuildFile; fileRef = 0B6A92861BEF3BF2009A7B2E /* LaunchScreen.storyboard */; };
		0B6A92931BEF3BF3009A7B2E /* CalendarAppTests.swift in Sources */ = {isa = PBXBuildFile; fileRef = 0B6A92921BEF3BF3009A7B2E /* CalendarAppTests.swift */; };
		0B6A929E1BEF3BF3009A7B2E /* CalendarAppUITests.swift in Sources */ = {isa = PBXBuildFile; fileRef = 0B6A929D1BEF3BF3009A7B2E /* CalendarAppUITests.swift */; };
		0B7586991C21EC6100816379 /* FaceBookTableViewCell.swift in Sources */ = {isa = PBXBuildFile; fileRef = 0B7586971C21EC6100816379 /* FaceBookTableViewCell.swift */; };
		0B75869A1C21EC6100816379 /* FaceBookTableViewCell.xib in Resources */ = {isa = PBXBuildFile; fileRef = 0B7586981C21EC6100816379 /* FaceBookTableViewCell.xib */; };
		0B7586A51C224E8A00816379 /* UserImageTableViewCell.swift in Sources */ = {isa = PBXBuildFile; fileRef = 0B7586A31C224E8A00816379 /* UserImageTableViewCell.swift */; };
		0B7586A61C224E8A00816379 /* UserImageTableViewCell.xib in Resources */ = {isa = PBXBuildFile; fileRef = 0B7586A41C224E8A00816379 /* UserImageTableViewCell.xib */; };
		0B7586AF1C22A92F00816379 /* User.swift in Sources */ = {isa = PBXBuildFile; fileRef = 0B7586AE1C22A92F00816379 /* User.swift */; };
		0B7586B11C22AFF500816379 /* UIImage+Extension.swift in Sources */ = {isa = PBXBuildFile; fileRef = 0B7586B01C22AFF500816379 /* UIImage+Extension.swift */; };
		0B7586B31C22DFF200816379 /* CurrentUser.swift in Sources */ = {isa = PBXBuildFile; fileRef = 0B7586B21C22DFF200816379 /* CurrentUser.swift */; };
		0B825A401D0969B3008AB971 /* StockCalendars.swift in Sources */ = {isa = PBXBuildFile; fileRef = 0B825A3F1D0969B3008AB971 /* StockCalendars.swift */; };
		0B8307381CFECA1400C1C47C /* shizuka.jpg in Resources */ = {isa = PBXBuildFile; fileRef = 0B8307371CFECA1400C1C47C /* shizuka.jpg */; };
		0B8441261CDCB2E100A9071C /* setting.png in Resources */ = {isa = PBXBuildFile; fileRef = 0B8441251CDCB2E100A9071C /* setting.png */; };
		0B8441281CDCB3D100A9071C /* Settings-50 (1).png in Resources */ = {isa = PBXBuildFile; fileRef = 0B8441271CDCB3D100A9071C /* Settings-50 (1).png */; };
		0B87419C1D4B6C9000DB76F0 /* approval.png in Resources */ = {isa = PBXBuildFile; fileRef = 0B87419B1D4B6C9000DB76F0 /* approval.png */; };
		0BA523851C1F187C00133342 /* Gift-32.png in Resources */ = {isa = PBXBuildFile; fileRef = 0BA523771C1F187C00133342 /* Gift-32.png */; };
		0BA523861C1F187C00133342 /* Pushups-32.png in Resources */ = {isa = PBXBuildFile; fileRef = 0BA523781C1F187C00133342 /* Pushups-32.png */; };
		0BA523871C1F187C00133342 /* Wakeup Hill on Stairs Filled-32.png in Resources */ = {isa = PBXBuildFile; fileRef = 0BA523791C1F187C00133342 /* Wakeup Hill on Stairs Filled-32.png */; };
		0BA523881C1F187C00133342 /* Yoga Filled-32.png in Resources */ = {isa = PBXBuildFile; fileRef = 0BA5237A1C1F187C00133342 /* Yoga Filled-32.png */; };
		0BA523891C1F187C00133342 /* Santas Hat Filled-32.png in Resources */ = {isa = PBXBuildFile; fileRef = 0BA5237B1C1F187C00133342 /* Santas Hat Filled-32.png */; };
		0BA5238A1C1F187C00133342 /* Hair Dryer-32.png in Resources */ = {isa = PBXBuildFile; fileRef = 0BA5237C1C1F187C00133342 /* Hair Dryer-32.png */; };
		0BA5238B1C1F187C00133342 /* Panda Filled-32.png in Resources */ = {isa = PBXBuildFile; fileRef = 0BA5237D1C1F187C00133342 /* Panda Filled-32.png */; };
		0BA5238C1C1F187C00133342 /* Settings-32.png in Resources */ = {isa = PBXBuildFile; fileRef = 0BA5237E1C1F187C00133342 /* Settings-32.png */; };
		0BA5238D1C1F187C00133342 /* Document Filled-32.png in Resources */ = {isa = PBXBuildFile; fileRef = 0BA5237F1C1F187C00133342 /* Document Filled-32.png */; };
		0BA5238E1C1F187C00133342 /* Document-32.png in Resources */ = {isa = PBXBuildFile; fileRef = 0BA523801C1F187C00133342 /* Document-32.png */; };
		0BA523901C1F187C00133342 /* Edit Filled-32.png in Resources */ = {isa = PBXBuildFile; fileRef = 0BA523821C1F187C00133342 /* Edit Filled-32.png */; };
		0BA523911C1F187C00133342 /* Sports Mode-32.png in Resources */ = {isa = PBXBuildFile; fileRef = 0BA523831C1F187C00133342 /* Sports Mode-32.png */; };
		0BA523921C1F187C00133342 /* Portrait Mode-32.png in Resources */ = {isa = PBXBuildFile; fileRef = 0BA523841C1F187C00133342 /* Portrait Mode-32.png */; };
		0BC16F701CAA5060005A25F4 /* user.png in Resources */ = {isa = PBXBuildFile; fileRef = 0BC16F6F1CAA5060005A25F4 /* user.png */; };
		0BC16F721CAA51B7005A25F4 /* plus.png in Resources */ = {isa = PBXBuildFile; fileRef = 0BC16F711CAA51B7005A25F4 /* plus.png */; };
		0BC16F761CAA53B9005A25F4 /* Photos.png in Resources */ = {isa = PBXBuildFile; fileRef = 0BC16F741CAA53B9005A25F4 /* Photos.png */; };
		0BC16F781CAA5416005A25F4 /* mail.png in Resources */ = {isa = PBXBuildFile; fileRef = 0BC16F771CAA5416005A25F4 /* mail.png */; };
		0BC16F7A1CAA5424005A25F4 /* lock.png in Resources */ = {isa = PBXBuildFile; fileRef = 0BC16F791CAA5424005A25F4 /* lock.png */; };
		0BCD96C71C1E89BB007E9B92 /* StampCollectionView.swift in Sources */ = {isa = PBXBuildFile; fileRef = 0BCD96C61C1E89BB007E9B92 /* StampCollectionView.swift */; };
		0BCD96CA1C1E8C0D007E9B92 /* StampCollectionViewCell.swift in Sources */ = {isa = PBXBuildFile; fileRef = 0BCD96C81C1E8C0D007E9B92 /* StampCollectionViewCell.swift */; };
		0BCD96CB1C1E8C0D007E9B92 /* StampCollectionViewCell.xib in Resources */ = {isa = PBXBuildFile; fileRef = 0BCD96C91C1E8C0D007E9B92 /* StampCollectionViewCell.xib */; };
		0BCFBF261D4C997E0041FB4A /* UIAlertController+Extension.swift in Sources */ = {isa = PBXBuildFile; fileRef = 0BCFBF251D4C997E0041FB4A /* UIAlertController+Extension.swift */; };
		0BCFBF291D4CDAAE0041FB4A /* TitleTableViewCell.swift in Sources */ = {isa = PBXBuildFile; fileRef = 0BCFBF271D4CDAAE0041FB4A /* TitleTableViewCell.swift */; };
		0BCFBF2A1D4CDAAE0041FB4A /* TitleTableViewCell.xib in Resources */ = {isa = PBXBuildFile; fileRef = 0BCFBF281D4CDAAE0041FB4A /* TitleTableViewCell.xib */; };
		0BD173751C09CEEB006873CD /* DateManager.swift in Sources */ = {isa = PBXBuildFile; fileRef = 0BD173741C09CEEB006873CD /* DateManager.swift */; };
		0BD3453F1C2651C70056C44A /* UIButton+Extension.swift in Sources */ = {isa = PBXBuildFile; fileRef = 0BD3453E1C2651C60056C44A /* UIButton+Extension.swift */; };
		0BDA58971D392C2300D1A81A /* CancelButtonHeaderView.swift in Sources */ = {isa = PBXBuildFile; fileRef = 0BDA58951D392C2300D1A81A /* CancelButtonHeaderView.swift */; };
		0BDA58981D392C2400D1A81A /* CancelButtonHeaderView.xib in Resources */ = {isa = PBXBuildFile; fileRef = 0BDA58961D392C2300D1A81A /* CancelButtonHeaderView.xib */; };
		0BE7F6351C1FF4B500DD76B5 /* ColorTableViewController.swift in Sources */ = {isa = PBXBuildFile; fileRef = 0BE7F6331C1FF4B500DD76B5 /* ColorTableViewController.swift */; };
		0BE7F6391C211D9A00DD76B5 /* Bolts.framework in Frameworks */ = {isa = PBXBuildFile; fileRef = 0BE7F6371C211D9900DD76B5 /* Bolts.framework */; };
		0BE7F63A1C211D9A00DD76B5 /* Parse.framework in Frameworks */ = {isa = PBXBuildFile; fileRef = 0BE7F6381C211D9A00DD76B5 /* Parse.framework */; };
		0BE7F63C1C211DD000DD76B5 /* AudioToolbox.framework in Frameworks */ = {isa = PBXBuildFile; fileRef = 0BE7F63B1C211DD000DD76B5 /* AudioToolbox.framework */; };
		0BE7F63E1C211DDE00DD76B5 /* CFNetwork.framework in Frameworks */ = {isa = PBXBuildFile; fileRef = 0BE7F63D1C211DDE00DD76B5 /* CFNetwork.framework */; };
		0BE7F6401C211DEA00DD76B5 /* CoreGraphics.framework in Frameworks */ = {isa = PBXBuildFile; fileRef = 0BE7F63F1C211DEA00DD76B5 /* CoreGraphics.framework */; };
		0BE7F6421C211DF400DD76B5 /* CoreLocation.framework in Frameworks */ = {isa = PBXBuildFile; fileRef = 0BE7F6411C211DF400DD76B5 /* CoreLocation.framework */; };
		0BE7F6441C211DFF00DD76B5 /* MobileCoreServices.framework in Frameworks */ = {isa = PBXBuildFile; fileRef = 0BE7F6431C211DFF00DD76B5 /* MobileCoreServices.framework */; };
		0BE7F6461C211E0900DD76B5 /* QuartzCore.framework in Frameworks */ = {isa = PBXBuildFile; fileRef = 0BE7F6451C211E0900DD76B5 /* QuartzCore.framework */; };
		0BE7F6481C211E1400DD76B5 /* Security.framework in Frameworks */ = {isa = PBXBuildFile; fileRef = 0BE7F6471C211E1400DD76B5 /* Security.framework */; };
		0BE7F64A1C211E1D00DD76B5 /* StoreKit.framework in Frameworks */ = {isa = PBXBuildFile; fileRef = 0BE7F6491C211E1D00DD76B5 /* StoreKit.framework */; };
		0BE7F64C1C211E2700DD76B5 /* SystemConfiguration.framework in Frameworks */ = {isa = PBXBuildFile; fileRef = 0BE7F64B1C211E2700DD76B5 /* SystemConfiguration.framework */; };
		0BE7F64E1C211E3200DD76B5 /* libsqlite3.tbd in Frameworks */ = {isa = PBXBuildFile; fileRef = 0BE7F64D1C211E3200DD76B5 /* libsqlite3.tbd */; };
		0BE7F6501C211E3C00DD76B5 /* libz.tbd in Frameworks */ = {isa = PBXBuildFile; fileRef = 0BE7F64F1C211E3C00DD76B5 /* libz.tbd */; };
		0BE80B051C00381400655517 /* CalendarCell.swift in Sources */ = {isa = PBXBuildFile; fileRef = 0BE80B041C00381400655517 /* CalendarCell.swift */; };
		0BE80B411C01CB5400655517 /* UIColor+Extension.swift in Sources */ = {isa = PBXBuildFile; fileRef = 0BE80B401C01CB5400655517 /* UIColor+Extension.swift */; };
		0BED601B1C19334300022AA5 /* SideMenu.swift in Sources */ = {isa = PBXBuildFile; fileRef = 0BED601A1C19334300022AA5 /* SideMenu.swift */; };
		0BED601D1C19337300022AA5 /* MenuTableViewController.swift in Sources */ = {isa = PBXBuildFile; fileRef = 0BED601C1C19337300022AA5 /* MenuTableViewController.swift */; };
		0BED60251C1AA02100022AA5 /* checked.png in Resources */ = {isa = PBXBuildFile; fileRef = 0BED60241C1AA02100022AA5 /* checked.png */; };
		0BED60431C1D496300022AA5 /* ギャル.jpg in Resources */ = {isa = PBXBuildFile; fileRef = 0BED60421C1D496300022AA5 /* ギャル.jpg */; };
		0BFCFD831C2D06710052C778 /* UserEditViewController.swift in Sources */ = {isa = PBXBuildFile; fileRef = 0BFCFD821C2D06710052C778 /* UserEditViewController.swift */; };
		64CCFBD6FD8B345AA7ACE6EA /* Pods_CalendarApp.framework in Frameworks */ = {isa = PBXBuildFile; fileRef = 9FBE6F5EB3694679FC22FF82 /* Pods_CalendarApp.framework */; };
/* End PBXBuildFile section */

/* Begin PBXContainerItemProxy section */
		0B6A928F1BEF3BF3009A7B2E /* PBXContainerItemProxy */ = {
			isa = PBXContainerItemProxy;
			containerPortal = 0B6A92721BEF3BF2009A7B2E /* Project object */;
			proxyType = 1;
			remoteGlobalIDString = 0B6A92791BEF3BF2009A7B2E;
			remoteInfo = CalendarApp;
		};
		0B6A929A1BEF3BF3009A7B2E /* PBXContainerItemProxy */ = {
			isa = PBXContainerItemProxy;
			containerPortal = 0B6A92721BEF3BF2009A7B2E /* Project object */;
			proxyType = 1;
			remoteGlobalIDString = 0B6A92791BEF3BF2009A7B2E;
			remoteInfo = CalendarApp;
		};
/* End PBXContainerItemProxy section */

/* Begin PBXFileReference section */
		09B9917A2680051F6E589D3D /* Pods-CalendarApp.debug.xcconfig */ = {isa = PBXFileReference; includeInIndex = 1; lastKnownFileType = text.xcconfig; name = "Pods-CalendarApp.debug.xcconfig"; path = "Pods/Target Support Files/Pods-CalendarApp/Pods-CalendarApp.debug.xcconfig"; sourceTree = "<group>"; };
		0B0057301D221AB3000A8472 /* Settings.swift */ = {isa = PBXFileReference; fileEncoding = 4; lastKnownFileType = sourcecode.swift; path = Settings.swift; sourceTree = "<group>"; };
		0B0057341D24E4E1000A8472 /* StampedDateManager.swift */ = {isa = PBXFileReference; fileEncoding = 4; lastKnownFileType = sourcecode.swift; path = StampedDateManager.swift; sourceTree = "<group>"; };
		0B0057371D256390000A8472 /* StampedDate.swift */ = {isa = PBXFileReference; fileEncoding = 4; lastKnownFileType = sourcecode.swift; path = StampedDate.swift; sourceTree = "<group>"; };
		0B0DD70D1C05805800BF9E7F /* Calendar.swift */ = {isa = PBXFileReference; fileEncoding = 4; lastKnownFileType = sourcecode.swift; path = Calendar.swift; sourceTree = "<group>"; };
		0B0DD70F1C05807200BF9E7F /* CalenderManager.swift */ = {isa = PBXFileReference; fileEncoding = 4; lastKnownFileType = sourcecode.swift; path = CalenderManager.swift; sourceTree = "<group>"; };
		0B0DD7111C05823900BF9E7F /* NSDate+Extension.swift */ = {isa = PBXFileReference; fileEncoding = 4; lastKnownFileType = sourcecode.swift; path = "NSDate+Extension.swift"; sourceTree = "<group>"; };
		0B0E59B91C15569500522111 /* ハート.jpg */ = {isa = PBXFileReference; lastKnownFileType = image.jpeg; path = "ハート.jpg"; sourceTree = "<group>"; };
		0B141D6B1C290DBB0029E6EA /* RecordTableView.swift */ = {isa = PBXFileReference; fileEncoding = 4; lastKnownFileType = sourcecode.swift; path = RecordTableView.swift; sourceTree = "<group>"; };
		0B141D6D1C2911360029E6EA /* RankingTableViewCell.swift */ = {isa = PBXFileReference; fileEncoding = 4; lastKnownFileType = sourcecode.swift; path = RankingTableViewCell.swift; sourceTree = "<group>"; };
		0B141D6E1C2911360029E6EA /* RankingTableViewCell.xib */ = {isa = PBXFileReference; fileEncoding = 4; lastKnownFileType = file.xib; path = RankingTableViewCell.xib; sourceTree = "<group>"; };
		0B141D751C2A40840029E6EA /* sideUserTableViewCell.swift */ = {isa = PBXFileReference; fileEncoding = 4; lastKnownFileType = sourcecode.swift; path = sideUserTableViewCell.swift; sourceTree = "<group>"; };
		0B141D761C2A40840029E6EA /* sideUserTableViewCell.xib */ = {isa = PBXFileReference; fileEncoding = 4; lastKnownFileType = file.xib; path = sideUserTableViewCell.xib; sourceTree = "<group>"; };
		0B141D7B1C2A63760029E6EA /* menu.png */ = {isa = PBXFileReference; lastKnownFileType = image.png; name = menu.png; path = ../../../Downloads/menu.png; sourceTree = "<group>"; };
		0B2199051D099ACF008FD0D4 /* CalendarThemeColor.swift */ = {isa = PBXFileReference; fileEncoding = 4; lastKnownFileType = sourcecode.swift; path = CalendarThemeColor.swift; sourceTree = "<group>"; };
		0B2199071D099B1F008FD0D4 /* CalendarThemeColors.swift */ = {isa = PBXFileReference; fileEncoding = 4; lastKnownFileType = sourcecode.swift; path = CalendarThemeColors.swift; sourceTree = "<group>"; };
		0B2338421D41DCA00021A184 /* UIStroryBoard+Extension.swift */ = {isa = PBXFileReference; fileEncoding = 4; lastKnownFileType = sourcecode.swift; path = "UIStroryBoard+Extension.swift"; sourceTree = "<group>"; };
		0B23F0491D2FBC5400BAA63E /* CreateCalendar.storyboard */ = {isa = PBXFileReference; fileEncoding = 4; lastKnownFileType = file.storyboard; path = CreateCalendar.storyboard; sourceTree = "<group>"; };
		0B23F04B1D2FE50300BAA63E /* CreateCalendarViewController.swift */ = {isa = PBXFileReference; fileEncoding = 4; lastKnownFileType = sourcecode.swift; path = CreateCalendarViewController.swift; sourceTree = "<group>"; };
		0B23F04D1D2FE81000BAA63E /* CreateCalendarVM.swift */ = {isa = PBXFileReference; fileEncoding = 4; lastKnownFileType = sourcecode.swift; path = CreateCalendarVM.swift; sourceTree = "<group>"; };
		0B23F04F1D2FED8000BAA63E /* CreateCalendarView.swift */ = {isa = PBXFileReference; fileEncoding = 4; lastKnownFileType = sourcecode.swift; path = CreateCalendarView.swift; sourceTree = "<group>"; };
		0B23F0581D31F1BD00BAA63E /* StampImageTableViewCell.swift */ = {isa = PBXFileReference; fileEncoding = 4; lastKnownFileType = sourcecode.swift; path = StampImageTableViewCell.swift; sourceTree = "<group>"; };
		0B23F0591D31F1BD00BAA63E /* StampImageTableViewCell.xib */ = {isa = PBXFileReference; fileEncoding = 4; lastKnownFileType = file.xib; path = StampImageTableViewCell.xib; sourceTree = "<group>"; };
		0B23F0611D31F4A800BAA63E /* color.png */ = {isa = PBXFileReference; lastKnownFileType = image.png; path = color.png; sourceTree = "<group>"; };
		0B23F0621D31F4A800BAA63E /* pen.png */ = {isa = PBXFileReference; lastKnownFileType = image.png; path = pen.png; sourceTree = "<group>"; };
		0B23F0631D31F4A800BAA63E /* users.png */ = {isa = PBXFileReference; lastKnownFileType = image.png; path = users.png; sourceTree = "<group>"; };
		0B23F0681D31F59A00BAA63E /* camera.png */ = {isa = PBXFileReference; lastKnownFileType = image.png; path = camera.png; sourceTree = "<group>"; };
		0B23F06A1D324FD300BAA63E /* Disclosure Indicator.png */ = {isa = PBXFileReference; lastKnownFileType = image.png; path = "Disclosure Indicator.png"; sourceTree = "<group>"; };
		0B23F06E1D361ADD00BAA63E /* Cancel.png */ = {isa = PBXFileReference; lastKnownFileType = image.png; path = Cancel.png; sourceTree = "<group>"; };
		0B27EE821D51F95900F0F67C /* UIFont+Extension.swift */ = {isa = PBXFileReference; fileEncoding = 4; lastKnownFileType = sourcecode.swift; path = "UIFont+Extension.swift"; sourceTree = "<group>"; };
		0B27EE8A1D5214F700F0F67C /* ColorTableViewCell.swift */ = {isa = PBXFileReference; fileEncoding = 4; lastKnownFileType = sourcecode.swift; path = ColorTableViewCell.swift; sourceTree = "<group>"; };
		0B27EE8B1D5214F700F0F67C /* ColorTableViewCell.xib */ = {isa = PBXFileReference; fileEncoding = 4; lastKnownFileType = file.xib; path = ColorTableViewCell.xib; sourceTree = "<group>"; };
		0B27EE8E1D52150C00F0F67C /* defaultUser.png */ = {isa = PBXFileReference; lastKnownFileType = image.png; path = defaultUser.png; sourceTree = "<group>"; };
		0B27EE8F1D52150C00F0F67C /* selectCircle.png */ = {isa = PBXFileReference; lastKnownFileType = image.png; path = selectCircle.png; sourceTree = "<group>"; };
		0B27EE921D52151F00F0F67C /* SelectedUserCollectionView.swift */ = {isa = PBXFileReference; fileEncoding = 4; lastKnownFileType = sourcecode.swift; path = SelectedUserCollectionView.swift; sourceTree = "<group>"; };
		0B27EE931D52151F00F0F67C /* SelectedUserCollectionViewCell.swift */ = {isa = PBXFileReference; fileEncoding = 4; lastKnownFileType = sourcecode.swift; path = SelectedUserCollectionViewCell.swift; sourceTree = "<group>"; };
		0B27EE941D52151F00F0F67C /* SelectedUserCollectionVM.swift */ = {isa = PBXFileReference; fileEncoding = 4; lastKnownFileType = sourcecode.swift; path = SelectedUserCollectionVM.swift; sourceTree = "<group>"; };
		0B27EE951D52151F00F0F67C /* SelectUserTableViewCell.swift */ = {isa = PBXFileReference; fileEncoding = 4; lastKnownFileType = sourcecode.swift; path = SelectUserTableViewCell.swift; sourceTree = "<group>"; };
		0B27EE961D52151F00F0F67C /* SelectUserTableViewCell.xib */ = {isa = PBXFileReference; fileEncoding = 4; lastKnownFileType = file.xib; path = SelectUserTableViewCell.xib; sourceTree = "<group>"; };
		0B27EE9C1D52153A00F0F67C /* unSelctCircle.png */ = {isa = PBXFileReference; lastKnownFileType = image.png; path = unSelctCircle.png; sourceTree = "<group>"; };
		0B27EE9E1D52154400F0F67C /* UserInvitaionVM.swift */ = {isa = PBXFileReference; fileEncoding = 4; lastKnownFileType = sourcecode.swift; path = UserInvitaionVM.swift; sourceTree = "<group>"; };
		0B27EEA01D52157600F0F67C /* UserInvitationCollectionView.swift */ = {isa = PBXFileReference; fileEncoding = 4; lastKnownFileType = sourcecode.swift; path = UserInvitationCollectionView.swift; sourceTree = "<group>"; };
		0B27EEA11D52157600F0F67C /* UserInvitationCollectionViewCell.swift */ = {isa = PBXFileReference; fileEncoding = 4; lastKnownFileType = sourcecode.swift; path = UserInvitationCollectionViewCell.swift; sourceTree = "<group>"; };
		0B27EEA21D52157600F0F67C /* UserInvitationCollectionViewCell.xib */ = {isa = PBXFileReference; fileEncoding = 4; lastKnownFileType = file.xib; path = UserInvitationCollectionViewCell.xib; sourceTree = "<group>"; };
		0B27EEA31D52157600F0F67C /* UserInvitationManager.swift */ = {isa = PBXFileReference; fileEncoding = 4; lastKnownFileType = sourcecode.swift; path = UserInvitationManager.swift; sourceTree = "<group>"; };
		0B27EEA41D52157600F0F67C /* UserInvitationTableViewCell.swift */ = {isa = PBXFileReference; fileEncoding = 4; lastKnownFileType = sourcecode.swift; path = UserInvitationTableViewCell.swift; sourceTree = "<group>"; };
		0B27EEA51D52157600F0F67C /* UserInvitationTableViewCell.xib */ = {isa = PBXFileReference; fileEncoding = 4; lastKnownFileType = file.xib; path = UserInvitationTableViewCell.xib; sourceTree = "<group>"; };
		0B27EEA61D52157600F0F67C /* UserInvitationView.swift */ = {isa = PBXFileReference; fileEncoding = 4; lastKnownFileType = sourcecode.swift; path = UserInvitationView.swift; sourceTree = "<group>"; };
		0B27EEA71D52157600F0F67C /* UserInvitationViewController.swift */ = {isa = PBXFileReference; fileEncoding = 4; lastKnownFileType = sourcecode.swift; path = UserInvitationViewController.swift; sourceTree = "<group>"; };
		0B27EEB01D5216CF00F0F67C /* cancel_pink.png */ = {isa = PBXFileReference; lastKnownFileType = image.png; path = cancel_pink.png; sourceTree = "<group>"; };
		0B27EEB71D52209E00F0F67C /* appointmentReminder.png */ = {isa = PBXFileReference; lastKnownFileType = image.png; path = appointmentReminder.png; sourceTree = "<group>"; };
		0B27EEB91D5225C400F0F67C /* UINavigationItem+Extension.swift */ = {isa = PBXFileReference; fileEncoding = 4; lastKnownFileType = sourcecode.swift; path = "UINavigationItem+Extension.swift"; sourceTree = "<group>"; };
		0B2B412C1C4A7C2C0031F9C2 /* ちっちさんImage.png */ = {isa = PBXFileReference; lastKnownFileType = image.png; path = "ちっちさんImage.png"; sourceTree = "<group>"; };
		0B37F8191C2D156E00D6AE82 /* UserEdit.storyboard */ = {isa = PBXFileReference; fileEncoding = 4; lastKnownFileType = file.storyboard; path = UserEdit.storyboard; sourceTree = "<group>"; };
		0B37F81F1C2DF6D400D6AE82 /* Launch Screen.storyboard */ = {isa = PBXFileReference; fileEncoding = 4; lastKnownFileType = file.storyboard; path = "Launch Screen.storyboard"; sourceTree = "<group>"; };
		0B37F8211C2DFA5700D6AE82 /* Icon-83.5@2x.png */ = {isa = PBXFileReference; lastKnownFileType = image.png; name = "Icon-83.5@2x.png"; path = "../../../Library/Containers/com.apple.mail/Data/Library/Mail Downloads/535A33B0-4612-4B90-B463-519EA9A77103/????????? 2015-1 2-26 7.17.02/ios/AppIcon.appiconset/Icon-83.5@2x.png"; sourceTree = "<group>"; };
		0B5C80AC1CBD439600459B8D /* Audio Wave 2-32.png */ = {isa = PBXFileReference; lastKnownFileType = image.png; path = "Audio Wave 2-32.png"; sourceTree = "<group>"; };
		0B5C80AD1CBD439600459B8D /* Calendar-32.png */ = {isa = PBXFileReference; lastKnownFileType = image.png; path = "Calendar-32.png"; sourceTree = "<group>"; };
		0B656A251C219E210024D6F3 /* TopViewController.swift */ = {isa = PBXFileReference; fileEncoding = 4; lastKnownFileType = sourcecode.swift; path = TopViewController.swift; sourceTree = "<group>"; };
		0B656A271C219E330024D6F3 /* SignUpViewController.swift */ = {isa = PBXFileReference; fileEncoding = 4; lastKnownFileType = sourcecode.swift; path = SignUpViewController.swift; sourceTree = "<group>"; };
		0B656A291C219E400024D6F3 /* LoginViewController.swift */ = {isa = PBXFileReference; fileEncoding = 4; lastKnownFileType = sourcecode.swift; path = LoginViewController.swift; sourceTree = "<group>"; };
		0B656A2B1C21A96A0024D6F3 /* CreateUserTableViewCell.swift */ = {isa = PBXFileReference; fileEncoding = 4; lastKnownFileType = sourcecode.swift; path = CreateUserTableViewCell.swift; sourceTree = "<group>"; };
		0B656A2C1C21A96A0024D6F3 /* CreateUserTableViewCell.xib */ = {isa = PBXFileReference; fileEncoding = 4; lastKnownFileType = file.xib; path = CreateUserTableViewCell.xib; sourceTree = "<group>"; };
		0B656A371C21B3E20024D6F3 /* NextBtnTableViewCell.swift */ = {isa = PBXFileReference; fileEncoding = 4; lastKnownFileType = sourcecode.swift; path = NextBtnTableViewCell.swift; sourceTree = "<group>"; };
		0B656A381C21B3E20024D6F3 /* NextBtnTableViewCell.xib */ = {isa = PBXFileReference; fileEncoding = 4; lastKnownFileType = file.xib; path = NextBtnTableViewCell.xib; sourceTree = "<group>"; };
		0B656A3D1C21B6410024D6F3 /* OrViewTableViewCell.swift */ = {isa = PBXFileReference; fileEncoding = 4; lastKnownFileType = sourcecode.swift; path = OrViewTableViewCell.swift; sourceTree = "<group>"; };
		0B656A3E1C21B6410024D6F3 /* OrViewTableViewCell.xib */ = {isa = PBXFileReference; fileEncoding = 4; lastKnownFileType = file.xib; path = OrViewTableViewCell.xib; sourceTree = "<group>"; };
		0B6A927A1BEF3BF2009A7B2E /* CalendarApp.app */ = {isa = PBXFileReference; explicitFileType = wrapper.application; includeInIndex = 0; path = CalendarApp.app; sourceTree = BUILT_PRODUCTS_DIR; };
		0B6A927D1BEF3BF2009A7B2E /* AppDelegate.swift */ = {isa = PBXFileReference; lastKnownFileType = sourcecode.swift; path = AppDelegate.swift; sourceTree = "<group>"; };
		0B6A927F1BEF3BF2009A7B2E /* CalendarViewController.swift */ = {isa = PBXFileReference; lastKnownFileType = sourcecode.swift; path = CalendarViewController.swift; sourceTree = "<group>"; };
		0B6A92821BEF3BF2009A7B2E /* Base */ = {isa = PBXFileReference; lastKnownFileType = file.storyboard; name = Base; path = Base.lproj/Main.storyboard; sourceTree = "<group>"; };
		0B6A92841BEF3BF2009A7B2E /* Assets.xcassets */ = {isa = PBXFileReference; lastKnownFileType = folder.assetcatalog; path = Assets.xcassets; sourceTree = "<group>"; };
		0B6A92871BEF3BF2009A7B2E /* Base */ = {isa = PBXFileReference; lastKnownFileType = file.storyboard; name = Base; path = Base.lproj/LaunchScreen.storyboard; sourceTree = "<group>"; };
		0B6A92891BEF3BF2009A7B2E /* Info.plist */ = {isa = PBXFileReference; lastKnownFileType = text.plist.xml; path = Info.plist; sourceTree = "<group>"; };
		0B6A928E1BEF3BF3009A7B2E /* CalendarAppTests.xctest */ = {isa = PBXFileReference; explicitFileType = wrapper.cfbundle; includeInIndex = 0; path = CalendarAppTests.xctest; sourceTree = BUILT_PRODUCTS_DIR; };
		0B6A92921BEF3BF3009A7B2E /* CalendarAppTests.swift */ = {isa = PBXFileReference; lastKnownFileType = sourcecode.swift; path = CalendarAppTests.swift; sourceTree = "<group>"; };
		0B6A92941BEF3BF3009A7B2E /* Info.plist */ = {isa = PBXFileReference; lastKnownFileType = text.plist.xml; path = Info.plist; sourceTree = "<group>"; };
		0B6A92991BEF3BF3009A7B2E /* CalendarAppUITests.xctest */ = {isa = PBXFileReference; explicitFileType = wrapper.cfbundle; includeInIndex = 0; path = CalendarAppUITests.xctest; sourceTree = BUILT_PRODUCTS_DIR; };
		0B6A929D1BEF3BF3009A7B2E /* CalendarAppUITests.swift */ = {isa = PBXFileReference; lastKnownFileType = sourcecode.swift; path = CalendarAppUITests.swift; sourceTree = "<group>"; };
		0B6A929F1BEF3BF3009A7B2E /* Info.plist */ = {isa = PBXFileReference; lastKnownFileType = text.plist.xml; path = Info.plist; sourceTree = "<group>"; };
		0B7586971C21EC6100816379 /* FaceBookTableViewCell.swift */ = {isa = PBXFileReference; fileEncoding = 4; lastKnownFileType = sourcecode.swift; path = FaceBookTableViewCell.swift; sourceTree = "<group>"; };
		0B7586981C21EC6100816379 /* FaceBookTableViewCell.xib */ = {isa = PBXFileReference; fileEncoding = 4; lastKnownFileType = file.xib; path = FaceBookTableViewCell.xib; sourceTree = "<group>"; };
		0B7586A31C224E8A00816379 /* UserImageTableViewCell.swift */ = {isa = PBXFileReference; fileEncoding = 4; lastKnownFileType = sourcecode.swift; path = UserImageTableViewCell.swift; sourceTree = "<group>"; };
		0B7586A41C224E8A00816379 /* UserImageTableViewCell.xib */ = {isa = PBXFileReference; fileEncoding = 4; lastKnownFileType = file.xib; path = UserImageTableViewCell.xib; sourceTree = "<group>"; };
		0B7586AE1C22A92F00816379 /* User.swift */ = {isa = PBXFileReference; fileEncoding = 4; lastKnownFileType = sourcecode.swift; path = User.swift; sourceTree = "<group>"; };
		0B7586B01C22AFF500816379 /* UIImage+Extension.swift */ = {isa = PBXFileReference; fileEncoding = 4; lastKnownFileType = sourcecode.swift; path = "UIImage+Extension.swift"; sourceTree = "<group>"; };
		0B7586B21C22DFF200816379 /* CurrentUser.swift */ = {isa = PBXFileReference; fileEncoding = 4; lastKnownFileType = sourcecode.swift; path = CurrentUser.swift; sourceTree = "<group>"; };
		0B825A3F1D0969B3008AB971 /* StockCalendars.swift */ = {isa = PBXFileReference; fileEncoding = 4; lastKnownFileType = sourcecode.swift; path = StockCalendars.swift; sourceTree = "<group>"; };
		0B8307371CFECA1400C1C47C /* shizuka.jpg */ = {isa = PBXFileReference; lastKnownFileType = image.jpeg; path = shizuka.jpg; sourceTree = "<group>"; };
		0B8441251CDCB2E100A9071C /* setting.png */ = {isa = PBXFileReference; lastKnownFileType = image.png; path = setting.png; sourceTree = "<group>"; };
		0B8441271CDCB3D100A9071C /* Settings-50 (1).png */ = {isa = PBXFileReference; lastKnownFileType = image.png; path = "Settings-50 (1).png"; sourceTree = "<group>"; };
		0B87419B1D4B6C9000DB76F0 /* approval.png */ = {isa = PBXFileReference; lastKnownFileType = image.png; path = approval.png; sourceTree = "<group>"; };
		0BA523771C1F187C00133342 /* Gift-32.png */ = {isa = PBXFileReference; lastKnownFileType = image.png; path = "Gift-32.png"; sourceTree = "<group>"; };
		0BA523781C1F187C00133342 /* Pushups-32.png */ = {isa = PBXFileReference; lastKnownFileType = image.png; path = "Pushups-32.png"; sourceTree = "<group>"; };
		0BA523791C1F187C00133342 /* Wakeup Hill on Stairs Filled-32.png */ = {isa = PBXFileReference; lastKnownFileType = image.png; path = "Wakeup Hill on Stairs Filled-32.png"; sourceTree = "<group>"; };
		0BA5237A1C1F187C00133342 /* Yoga Filled-32.png */ = {isa = PBXFileReference; lastKnownFileType = image.png; path = "Yoga Filled-32.png"; sourceTree = "<group>"; };
		0BA5237B1C1F187C00133342 /* Santas Hat Filled-32.png */ = {isa = PBXFileReference; lastKnownFileType = image.png; path = "Santas Hat Filled-32.png"; sourceTree = "<group>"; };
		0BA5237C1C1F187C00133342 /* Hair Dryer-32.png */ = {isa = PBXFileReference; lastKnownFileType = image.png; path = "Hair Dryer-32.png"; sourceTree = "<group>"; };
		0BA5237D1C1F187C00133342 /* Panda Filled-32.png */ = {isa = PBXFileReference; lastKnownFileType = image.png; path = "Panda Filled-32.png"; sourceTree = "<group>"; };
		0BA5237E1C1F187C00133342 /* Settings-32.png */ = {isa = PBXFileReference; lastKnownFileType = image.png; path = "Settings-32.png"; sourceTree = "<group>"; };
		0BA5237F1C1F187C00133342 /* Document Filled-32.png */ = {isa = PBXFileReference; lastKnownFileType = image.png; path = "Document Filled-32.png"; sourceTree = "<group>"; };
		0BA523801C1F187C00133342 /* Document-32.png */ = {isa = PBXFileReference; lastKnownFileType = image.png; path = "Document-32.png"; sourceTree = "<group>"; };
		0BA523821C1F187C00133342 /* Edit Filled-32.png */ = {isa = PBXFileReference; lastKnownFileType = image.png; path = "Edit Filled-32.png"; sourceTree = "<group>"; };
		0BA523831C1F187C00133342 /* Sports Mode-32.png */ = {isa = PBXFileReference; lastKnownFileType = image.png; path = "Sports Mode-32.png"; sourceTree = "<group>"; };
		0BA523841C1F187C00133342 /* Portrait Mode-32.png */ = {isa = PBXFileReference; lastKnownFileType = image.png; path = "Portrait Mode-32.png"; sourceTree = "<group>"; };
		0BC16F6F1CAA5060005A25F4 /* user.png */ = {isa = PBXFileReference; lastKnownFileType = image.png; path = user.png; sourceTree = "<group>"; };
		0BC16F711CAA51B7005A25F4 /* plus.png */ = {isa = PBXFileReference; lastKnownFileType = image.png; path = plus.png; sourceTree = "<group>"; };
		0BC16F741CAA53B9005A25F4 /* Photos.png */ = {isa = PBXFileReference; lastKnownFileType = image.png; path = Photos.png; sourceTree = "<group>"; };
		0BC16F771CAA5416005A25F4 /* mail.png */ = {isa = PBXFileReference; lastKnownFileType = image.png; path = mail.png; sourceTree = "<group>"; };
		0BC16F791CAA5424005A25F4 /* lock.png */ = {isa = PBXFileReference; lastKnownFileType = image.png; path = lock.png; sourceTree = "<group>"; };
		0BCD96C61C1E89BB007E9B92 /* StampCollectionView.swift */ = {isa = PBXFileReference; fileEncoding = 4; lastKnownFileType = sourcecode.swift; path = StampCollectionView.swift; sourceTree = "<group>"; };
		0BCD96C81C1E8C0D007E9B92 /* StampCollectionViewCell.swift */ = {isa = PBXFileReference; fileEncoding = 4; lastKnownFileType = sourcecode.swift; path = StampCollectionViewCell.swift; sourceTree = "<group>"; };
		0BCD96C91C1E8C0D007E9B92 /* StampCollectionViewCell.xib */ = {isa = PBXFileReference; fileEncoding = 4; lastKnownFileType = file.xib; path = StampCollectionViewCell.xib; sourceTree = "<group>"; };
		0BCFBF251D4C997E0041FB4A /* UIAlertController+Extension.swift */ = {isa = PBXFileReference; fileEncoding = 4; lastKnownFileType = sourcecode.swift; path = "UIAlertController+Extension.swift"; sourceTree = "<group>"; };
		0BCFBF271D4CDAAE0041FB4A /* TitleTableViewCell.swift */ = {isa = PBXFileReference; fileEncoding = 4; lastKnownFileType = sourcecode.swift; path = TitleTableViewCell.swift; sourceTree = "<group>"; };
		0BCFBF281D4CDAAE0041FB4A /* TitleTableViewCell.xib */ = {isa = PBXFileReference; fileEncoding = 4; lastKnownFileType = file.xib; path = TitleTableViewCell.xib; sourceTree = "<group>"; };
		0BD173741C09CEEB006873CD /* DateManager.swift */ = {isa = PBXFileReference; fileEncoding = 4; lastKnownFileType = sourcecode.swift; path = DateManager.swift; sourceTree = "<group>"; };
		0BD3453E1C2651C60056C44A /* UIButton+Extension.swift */ = {isa = PBXFileReference; fileEncoding = 4; lastKnownFileType = sourcecode.swift; path = "UIButton+Extension.swift"; sourceTree = "<group>"; };
		0BDA58951D392C2300D1A81A /* CancelButtonHeaderView.swift */ = {isa = PBXFileReference; fileEncoding = 4; lastKnownFileType = sourcecode.swift; path = CancelButtonHeaderView.swift; sourceTree = "<group>"; };
		0BDA58961D392C2300D1A81A /* CancelButtonHeaderView.xib */ = {isa = PBXFileReference; fileEncoding = 4; lastKnownFileType = file.xib; path = CancelButtonHeaderView.xib; sourceTree = "<group>"; };
		0BE7F6331C1FF4B500DD76B5 /* ColorTableViewController.swift */ = {isa = PBXFileReference; fileEncoding = 4; lastKnownFileType = sourcecode.swift; path = ColorTableViewController.swift; sourceTree = "<group>"; };
		0BE7F6371C211D9900DD76B5 /* Bolts.framework */ = {isa = PBXFileReference; lastKnownFileType = wrapper.framework; path = Bolts.framework; sourceTree = "<group>"; };
		0BE7F6381C211D9A00DD76B5 /* Parse.framework */ = {isa = PBXFileReference; lastKnownFileType = wrapper.framework; path = Parse.framework; sourceTree = "<group>"; };
		0BE7F63B1C211DD000DD76B5 /* AudioToolbox.framework */ = {isa = PBXFileReference; lastKnownFileType = wrapper.framework; name = AudioToolbox.framework; path = System/Library/Frameworks/AudioToolbox.framework; sourceTree = SDKROOT; };
		0BE7F63D1C211DDE00DD76B5 /* CFNetwork.framework */ = {isa = PBXFileReference; lastKnownFileType = wrapper.framework; name = CFNetwork.framework; path = System/Library/Frameworks/CFNetwork.framework; sourceTree = SDKROOT; };
		0BE7F63F1C211DEA00DD76B5 /* CoreGraphics.framework */ = {isa = PBXFileReference; lastKnownFileType = wrapper.framework; name = CoreGraphics.framework; path = System/Library/Frameworks/CoreGraphics.framework; sourceTree = SDKROOT; };
		0BE7F6411C211DF400DD76B5 /* CoreLocation.framework */ = {isa = PBXFileReference; lastKnownFileType = wrapper.framework; name = CoreLocation.framework; path = System/Library/Frameworks/CoreLocation.framework; sourceTree = SDKROOT; };
		0BE7F6431C211DFF00DD76B5 /* MobileCoreServices.framework */ = {isa = PBXFileReference; lastKnownFileType = wrapper.framework; name = MobileCoreServices.framework; path = System/Library/Frameworks/MobileCoreServices.framework; sourceTree = SDKROOT; };
		0BE7F6451C211E0900DD76B5 /* QuartzCore.framework */ = {isa = PBXFileReference; lastKnownFileType = wrapper.framework; name = QuartzCore.framework; path = System/Library/Frameworks/QuartzCore.framework; sourceTree = SDKROOT; };
		0BE7F6471C211E1400DD76B5 /* Security.framework */ = {isa = PBXFileReference; lastKnownFileType = wrapper.framework; name = Security.framework; path = System/Library/Frameworks/Security.framework; sourceTree = SDKROOT; };
		0BE7F6491C211E1D00DD76B5 /* StoreKit.framework */ = {isa = PBXFileReference; lastKnownFileType = wrapper.framework; name = StoreKit.framework; path = System/Library/Frameworks/StoreKit.framework; sourceTree = SDKROOT; };
		0BE7F64B1C211E2700DD76B5 /* SystemConfiguration.framework */ = {isa = PBXFileReference; lastKnownFileType = wrapper.framework; name = SystemConfiguration.framework; path = System/Library/Frameworks/SystemConfiguration.framework; sourceTree = SDKROOT; };
		0BE7F64D1C211E3200DD76B5 /* libsqlite3.tbd */ = {isa = PBXFileReference; lastKnownFileType = "sourcecode.text-based-dylib-definition"; name = libsqlite3.tbd; path = usr/lib/libsqlite3.tbd; sourceTree = SDKROOT; };
		0BE7F64F1C211E3C00DD76B5 /* libz.tbd */ = {isa = PBXFileReference; lastKnownFileType = "sourcecode.text-based-dylib-definition"; name = libz.tbd; path = usr/lib/libz.tbd; sourceTree = SDKROOT; };
		0BE80B041C00381400655517 /* CalendarCell.swift */ = {isa = PBXFileReference; fileEncoding = 4; lastKnownFileType = sourcecode.swift; path = CalendarCell.swift; sourceTree = "<group>"; };
		0BE80B401C01CB5400655517 /* UIColor+Extension.swift */ = {isa = PBXFileReference; fileEncoding = 4; lastKnownFileType = sourcecode.swift; path = "UIColor+Extension.swift"; sourceTree = "<group>"; };
		0BED601A1C19334300022AA5 /* SideMenu.swift */ = {isa = PBXFileReference; fileEncoding = 4; lastKnownFileType = sourcecode.swift; path = SideMenu.swift; sourceTree = "<group>"; };
		0BED601C1C19337300022AA5 /* MenuTableViewController.swift */ = {isa = PBXFileReference; fileEncoding = 4; lastKnownFileType = sourcecode.swift; path = MenuTableViewController.swift; sourceTree = "<group>"; };
		0BED60241C1AA02100022AA5 /* checked.png */ = {isa = PBXFileReference; lastKnownFileType = image.png; path = checked.png; sourceTree = "<group>"; };
		0BED603B1C1C43B400022AA5 /* CalendarApp-Bridging-Header.h.h */ = {isa = PBXFileReference; fileEncoding = 4; lastKnownFileType = sourcecode.c.h; path = "CalendarApp-Bridging-Header.h.h"; sourceTree = "<group>"; };
		0BED60421C1D496300022AA5 /* ギャル.jpg */ = {isa = PBXFileReference; lastKnownFileType = image.jpeg; path = "ギャル.jpg"; sourceTree = "<group>"; };
		0BFCFD821C2D06710052C778 /* UserEditViewController.swift */ = {isa = PBXFileReference; fileEncoding = 4; lastKnownFileType = sourcecode.swift; path = UserEditViewController.swift; sourceTree = "<group>"; };
		745AAD1A15D9637469CA96D9 /* Pods-CalendarApp.release.xcconfig */ = {isa = PBXFileReference; includeInIndex = 1; lastKnownFileType = text.xcconfig; name = "Pods-CalendarApp.release.xcconfig"; path = "Pods/Target Support Files/Pods-CalendarApp/Pods-CalendarApp.release.xcconfig"; sourceTree = "<group>"; };
		9FBE6F5EB3694679FC22FF82 /* Pods_CalendarApp.framework */ = {isa = PBXFileReference; explicitFileType = wrapper.framework; includeInIndex = 0; path = Pods_CalendarApp.framework; sourceTree = BUILT_PRODUCTS_DIR; };
/* End PBXFileReference section */

/* Begin PBXFrameworksBuildPhase section */
		0B6A92771BEF3BF2009A7B2E /* Frameworks */ = {
			isa = PBXFrameworksBuildPhase;
			buildActionMask = 2147483647;
			files = (
				0BE7F6501C211E3C00DD76B5 /* libz.tbd in Frameworks */,
				0BE7F64E1C211E3200DD76B5 /* libsqlite3.tbd in Frameworks */,
				0BE7F64C1C211E2700DD76B5 /* SystemConfiguration.framework in Frameworks */,
				0BE7F64A1C211E1D00DD76B5 /* StoreKit.framework in Frameworks */,
				0BE7F6481C211E1400DD76B5 /* Security.framework in Frameworks */,
				0BE7F6461C211E0900DD76B5 /* QuartzCore.framework in Frameworks */,
				0BE7F6441C211DFF00DD76B5 /* MobileCoreServices.framework in Frameworks */,
				0BE7F6421C211DF400DD76B5 /* CoreLocation.framework in Frameworks */,
				0BE7F6401C211DEA00DD76B5 /* CoreGraphics.framework in Frameworks */,
				0BE7F63E1C211DDE00DD76B5 /* CFNetwork.framework in Frameworks */,
				0BE7F63C1C211DD000DD76B5 /* AudioToolbox.framework in Frameworks */,
				64CCFBD6FD8B345AA7ACE6EA /* Pods_CalendarApp.framework in Frameworks */,
				0BE7F63A1C211D9A00DD76B5 /* Parse.framework in Frameworks */,
				0BE7F6391C211D9A00DD76B5 /* Bolts.framework in Frameworks */,
			);
			runOnlyForDeploymentPostprocessing = 0;
		};
		0B6A928B1BEF3BF3009A7B2E /* Frameworks */ = {
			isa = PBXFrameworksBuildPhase;
			buildActionMask = 2147483647;
			files = (
			);
			runOnlyForDeploymentPostprocessing = 0;
		};
		0B6A92961BEF3BF3009A7B2E /* Frameworks */ = {
			isa = PBXFrameworksBuildPhase;
			buildActionMask = 2147483647;
			files = (
			);
			runOnlyForDeploymentPostprocessing = 0;
		};
/* End PBXFrameworksBuildPhase section */

/* Begin PBXGroup section */
		0B23F0481D2FB47B00BAA63E /* Create Calendar */ = {
			isa = PBXGroup;
			children = (
				0B23F0491D2FBC5400BAA63E /* CreateCalendar.storyboard */,
				0B23F0551D31F11C00BAA63E /* Model */,
				0B23F0561D31F12600BAA63E /* View */,
				0B23F0571D31F13500BAA63E /* Controller */,
			);
			name = "Create Calendar";
			sourceTree = "<group>";
		};
		0B23F0551D31F11C00BAA63E /* Model */ = {
			isa = PBXGroup;
			children = (
				0B23F04D1D2FE81000BAA63E /* CreateCalendarVM.swift */,
				0B27EE9E1D52154400F0F67C /* UserInvitaionVM.swift */,
				0B27EE941D52151F00F0F67C /* SelectedUserCollectionVM.swift */,
			);
			name = Model;
			sourceTree = "<group>";
		};
		0B23F0561D31F12600BAA63E /* View */ = {
			isa = PBXGroup;
			children = (
				0B27EE861D52146F00F0F67C /* Create Calendar */,
				0B27EE871D5214CC00F0F67C /* User Invitation */,
			);
			name = View;
			sourceTree = "<group>";
		};
		0B23F0571D31F13500BAA63E /* Controller */ = {
			isa = PBXGroup;
			children = (
				0B23F04B1D2FE50300BAA63E /* CreateCalendarViewController.swift */,
				0BE7F6331C1FF4B500DD76B5 /* ColorTableViewController.swift */,
				0B27EEA71D52157600F0F67C /* UserInvitationViewController.swift */,
			);
			name = Controller;
			sourceTree = "<group>";
		};
		0B23F05C1D31F32100BAA63E /* Pictures */ = {
			isa = PBXGroup;
			children = (
				0B27EEB21D521AC500F0F67C /* NaviBar */,
				0B23F05F1D31F48C00BAA63E /* CreateCalendar */,
			);
			name = Pictures;
			sourceTree = "<group>";
		};
		0B23F05F1D31F48C00BAA63E /* CreateCalendar */ = {
			isa = PBXGroup;
			children = (
				0B27EEB01D5216CF00F0F67C /* cancel_pink.png */,
				0B27EE9C1D52153A00F0F67C /* unSelctCircle.png */,
				0B27EE8E1D52150C00F0F67C /* defaultUser.png */,
				0B27EE8F1D52150C00F0F67C /* selectCircle.png */,
				0B23F06E1D361ADD00BAA63E /* Cancel.png */,
				0B23F06A1D324FD300BAA63E /* Disclosure Indicator.png */,
				0B23F0681D31F59A00BAA63E /* camera.png */,
				0B87419B1D4B6C9000DB76F0 /* approval.png */,
				0B23F0611D31F4A800BAA63E /* color.png */,
				0B23F0621D31F4A800BAA63E /* pen.png */,
				0B23F0631D31F4A800BAA63E /* users.png */,
			);
			name = CreateCalendar;
			sourceTree = "<group>";
		};
		0B27EE861D52146F00F0F67C /* Create Calendar */ = {
			isa = PBXGroup;
			children = (
				0B23F04F1D2FED8000BAA63E /* CreateCalendarView.swift */,
				0BCFBF271D4CDAAE0041FB4A /* TitleTableViewCell.swift */,
				0BCFBF281D4CDAAE0041FB4A /* TitleTableViewCell.xib */,
				0B23F0581D31F1BD00BAA63E /* StampImageTableViewCell.swift */,
				0B23F0591D31F1BD00BAA63E /* StampImageTableViewCell.xib */,
				0BCD96C61C1E89BB007E9B92 /* StampCollectionView.swift */,
				0BCD96C81C1E8C0D007E9B92 /* StampCollectionViewCell.swift */,
				0BCD96C91C1E8C0D007E9B92 /* StampCollectionViewCell.xib */,
				0BDA58951D392C2300D1A81A /* CancelButtonHeaderView.swift */,
				0BDA58961D392C2300D1A81A /* CancelButtonHeaderView.xib */,
				0B27EE8A1D5214F700F0F67C /* ColorTableViewCell.swift */,
				0B27EE8B1D5214F700F0F67C /* ColorTableViewCell.xib */,
				0B27EE951D52151F00F0F67C /* SelectUserTableViewCell.swift */,
				0B27EE961D52151F00F0F67C /* SelectUserTableViewCell.xib */,
				0B27EE921D52151F00F0F67C /* SelectedUserCollectionView.swift */,
				0B27EE931D52151F00F0F67C /* SelectedUserCollectionViewCell.swift */,
			);
			name = "Create Calendar";
			sourceTree = "<group>";
		};
		0B27EE871D5214CC00F0F67C /* User Invitation */ = {
			isa = PBXGroup;
			children = (
				0B27EEA61D52157600F0F67C /* UserInvitationView.swift */,
				0B27EEA41D52157600F0F67C /* UserInvitationTableViewCell.swift */,
				0B27EEA51D52157600F0F67C /* UserInvitationTableViewCell.xib */,
				0B27EEA01D52157600F0F67C /* UserInvitationCollectionView.swift */,
				0B27EEA11D52157600F0F67C /* UserInvitationCollectionViewCell.swift */,
				0B27EEA21D52157600F0F67C /* UserInvitationCollectionViewCell.xib */,
			);
			name = "User Invitation";
			sourceTree = "<group>";
		};
		0B27EEB21D521AC500F0F67C /* NaviBar */ = {
			isa = PBXGroup;
			children = (
				0B27EEB71D52209E00F0F67C /* appointmentReminder.png */,
				0BC16F711CAA51B7005A25F4 /* plus.png */,
				0B141D7B1C2A63760029E6EA /* menu.png */,
			);
			name = NaviBar;
			sourceTree = "<group>";
		};
		0B656A411C21C98C0024D6F3 /* Scenes */ = {
			isa = PBXGroup;
			children = (
				0B656A251C219E210024D6F3 /* TopViewController.swift */,
				0B75869D1C22477000816379 /* Login */,
				0B656A421C21C9940024D6F3 /* SignUp */,
				0B75869E1C22478600816379 /* Calendar */,
				0B7586A21C22488E00816379 /* SideMenu */,
				0B23F0481D2FB47B00BAA63E /* Create Calendar */,
			);
			name = Scenes;
			sourceTree = "<group>";
		};
		0B656A421C21C9940024D6F3 /* SignUp */ = {
			isa = PBXGroup;
			children = (
				0B656A271C219E330024D6F3 /* SignUpViewController.swift */,
				0B656A431C21C99B0024D6F3 /* Views */,
			);
			name = SignUp;
			sourceTree = "<group>";
		};
		0B656A431C21C99B0024D6F3 /* Views */ = {
			isa = PBXGroup;
			children = (
				0B656A2B1C21A96A0024D6F3 /* CreateUserTableViewCell.swift */,
				0B656A2C1C21A96A0024D6F3 /* CreateUserTableViewCell.xib */,
				0B656A371C21B3E20024D6F3 /* NextBtnTableViewCell.swift */,
				0B656A381C21B3E20024D6F3 /* NextBtnTableViewCell.xib */,
				0B656A3D1C21B6410024D6F3 /* OrViewTableViewCell.swift */,
				0B656A3E1C21B6410024D6F3 /* OrViewTableViewCell.xib */,
				0B7586971C21EC6100816379 /* FaceBookTableViewCell.swift */,
				0B7586981C21EC6100816379 /* FaceBookTableViewCell.xib */,
				0B7586A31C224E8A00816379 /* UserImageTableViewCell.swift */,
				0B7586A41C224E8A00816379 /* UserImageTableViewCell.xib */,
			);
			name = Views;
			sourceTree = "<group>";
		};
		0B6A92711BEF3BF2009A7B2E = {
			isa = PBXGroup;
			children = (
				0BED603B1C1C43B400022AA5 /* CalendarApp-Bridging-Header.h.h */,
				0B6A927C1BEF3BF2009A7B2E /* CalendarApp */,
				0B6A92911BEF3BF3009A7B2E /* CalendarAppTests */,
				0B6A929C1BEF3BF3009A7B2E /* CalendarAppUITests */,
				0B6A927B1BEF3BF2009A7B2E /* Products */,
				0BE7F6371C211D9900DD76B5 /* Bolts.framework */,
				0BE7F6381C211D9A00DD76B5 /* Parse.framework */,
				15AD4D77E24D075BBB940E28 /* Pods */,
				11B8CB8AE496F3A20047ACE0 /* Frameworks */,
			);
			sourceTree = "<group>";
		};
		0B6A927B1BEF3BF2009A7B2E /* Products */ = {
			isa = PBXGroup;
			children = (
				0B6A927A1BEF3BF2009A7B2E /* CalendarApp.app */,
				0B6A928E1BEF3BF3009A7B2E /* CalendarAppTests.xctest */,
				0B6A92991BEF3BF3009A7B2E /* CalendarAppUITests.xctest */,
			);
			name = Products;
			sourceTree = "<group>";
		};
		0B6A927C1BEF3BF2009A7B2E /* CalendarApp */ = {
			isa = PBXGroup;
			children = (
				0B23F05C1D31F32100BAA63E /* Pictures */,
				0BED60191C1930F200022AA5 /* resources */,
				0BE80B431C01CB8800655517 /* Application */,
				0B656A411C21C98C0024D6F3 /* Scenes */,
				0B7586AD1C22A91400816379 /* Model */,
				0BE80B421C01CB6400655517 /* Extension */,
			);
			path = CalendarApp;
			sourceTree = "<group>";
		};
		0B6A92911BEF3BF3009A7B2E /* CalendarAppTests */ = {
			isa = PBXGroup;
			children = (
				0B6A92921BEF3BF3009A7B2E /* CalendarAppTests.swift */,
				0B6A92941BEF3BF3009A7B2E /* Info.plist */,
			);
			path = CalendarAppTests;
			sourceTree = "<group>";
		};
		0B6A929C1BEF3BF3009A7B2E /* CalendarAppUITests */ = {
			isa = PBXGroup;
			children = (
				0B6A929D1BEF3BF3009A7B2E /* CalendarAppUITests.swift */,
				0B6A929F1BEF3BF3009A7B2E /* Info.plist */,
			);
			path = CalendarAppUITests;
			sourceTree = "<group>";
		};
		0B75869D1C22477000816379 /* Login */ = {
			isa = PBXGroup;
			children = (
				0B656A291C219E400024D6F3 /* LoginViewController.swift */,
			);
			name = Login;
			sourceTree = "<group>";
		};
		0B75869E1C22478600816379 /* Calendar */ = {
			isa = PBXGroup;
			children = (
				0BE80B041C00381400655517 /* CalendarCell.swift */,
				0B6A927F1BEF3BF2009A7B2E /* CalendarViewController.swift */,
				0B141D6B1C290DBB0029E6EA /* RecordTableView.swift */,
				0B141D6D1C2911360029E6EA /* RankingTableViewCell.swift */,
				0B141D6E1C2911360029E6EA /* RankingTableViewCell.xib */,
			);
			name = Calendar;
			sourceTree = "<group>";
		};
		0B7586A21C22488E00816379 /* SideMenu */ = {
			isa = PBXGroup;
			children = (
				0BED601C1C19337300022AA5 /* MenuTableViewController.swift */,
				0BED601A1C19334300022AA5 /* SideMenu.swift */,
				0B141D751C2A40840029E6EA /* sideUserTableViewCell.swift */,
				0B141D761C2A40840029E6EA /* sideUserTableViewCell.xib */,
				0BFCFD821C2D06710052C778 /* UserEditViewController.swift */,
			);
			name = SideMenu;
			sourceTree = "<group>";
		};
		0B7586AD1C22A91400816379 /* Model */ = {
			isa = PBXGroup;
			children = (
				0B27EEA31D52157600F0F67C /* UserInvitationManager.swift */,
				0BD173741C09CEEB006873CD /* DateManager.swift */,
				0B0DD70D1C05805800BF9E7F /* Calendar.swift */,
				0B0DD70F1C05807200BF9E7F /* CalenderManager.swift */,
				0B7586AE1C22A92F00816379 /* User.swift */,
				0B7586B21C22DFF200816379 /* CurrentUser.swift */,
				0B825A3F1D0969B3008AB971 /* StockCalendars.swift */,
				0B2199051D099ACF008FD0D4 /* CalendarThemeColor.swift */,
				0B2199071D099B1F008FD0D4 /* CalendarThemeColors.swift */,
				0B0057301D221AB3000A8472 /* Settings.swift */,
				0B0057341D24E4E1000A8472 /* StampedDateManager.swift */,
				0B0057371D256390000A8472 /* StampedDate.swift */,
			);
			name = Model;
			sourceTree = "<group>";
		};
		0BE80B421C01CB6400655517 /* Extension */ = {
			isa = PBXGroup;
			children = (
				0BE80B401C01CB5400655517 /* UIColor+Extension.swift */,
				0B0DD7111C05823900BF9E7F /* NSDate+Extension.swift */,
				0B7586B01C22AFF500816379 /* UIImage+Extension.swift */,
				0BD3453E1C2651C60056C44A /* UIButton+Extension.swift */,
				0B2338421D41DCA00021A184 /* UIStroryBoard+Extension.swift */,
				0BCFBF251D4C997E0041FB4A /* UIAlertController+Extension.swift */,
				0B27EE821D51F95900F0F67C /* UIFont+Extension.swift */,
				0B27EEB91D5225C400F0F67C /* UINavigationItem+Extension.swift */,
			);
			name = Extension;
			sourceTree = "<group>";
		};
		0BE80B431C01CB8800655517 /* Application */ = {
			isa = PBXGroup;
			children = (
				0B6A927D1BEF3BF2009A7B2E /* AppDelegate.swift */,
				0B6A92811BEF3BF2009A7B2E /* Main.storyboard */,
				0B6A92861BEF3BF2009A7B2E /* LaunchScreen.storyboard */,
				0B37F81F1C2DF6D400D6AE82 /* Launch Screen.storyboard */,
				0B6A92891BEF3BF2009A7B2E /* Info.plist */,
				0B6A92841BEF3BF2009A7B2E /* Assets.xcassets */,
				0B37F8191C2D156E00D6AE82 /* UserEdit.storyboard */,
			);
			name = Application;
			sourceTree = "<group>";
		};
		0BED60191C1930F200022AA5 /* resources */ = {
			isa = PBXGroup;
			children = (
				0B8307371CFECA1400C1C47C /* shizuka.jpg */,
				0B8441271CDCB3D100A9071C /* Settings-50 (1).png */,
				0B5C80AC1CBD439600459B8D /* Audio Wave 2-32.png */,
				0B5C80AD1CBD439600459B8D /* Calendar-32.png */,
				0BC16F791CAA5424005A25F4 /* lock.png */,
				0BC16F771CAA5416005A25F4 /* mail.png */,
				0BC16F741CAA53B9005A25F4 /* Photos.png */,
				0B8441251CDCB2E100A9071C /* setting.png */,
				0B2B412C1C4A7C2C0031F9C2 /* ちっちさんImage.png */,
				0B37F8211C2DFA5700D6AE82 /* Icon-83.5@2x.png */,
				0BA523771C1F187C00133342 /* Gift-32.png */,
				0BA523781C1F187C00133342 /* Pushups-32.png */,
				0BA523791C1F187C00133342 /* Wakeup Hill on Stairs Filled-32.png */,
				0BA5237A1C1F187C00133342 /* Yoga Filled-32.png */,
				0BA5237B1C1F187C00133342 /* Santas Hat Filled-32.png */,
				0BA5237C1C1F187C00133342 /* Hair Dryer-32.png */,
				0BA5237D1C1F187C00133342 /* Panda Filled-32.png */,
				0BA5237E1C1F187C00133342 /* Settings-32.png */,
				0BA5237F1C1F187C00133342 /* Document Filled-32.png */,
				0BA523801C1F187C00133342 /* Document-32.png */,
				0BA523821C1F187C00133342 /* Edit Filled-32.png */,
				0BA523831C1F187C00133342 /* Sports Mode-32.png */,
				0BA523841C1F187C00133342 /* Portrait Mode-32.png */,
				0BED60421C1D496300022AA5 /* ギャル.jpg */,
				0BED60241C1AA02100022AA5 /* checked.png */,
				0B0E59B91C15569500522111 /* ハート.jpg */,
				0BC16F6F1CAA5060005A25F4 /* user.png */,
			);
			name = resources;
			sourceTree = "<group>";
		};
		11B8CB8AE496F3A20047ACE0 /* Frameworks */ = {
			isa = PBXGroup;
			children = (
				0BE7F64F1C211E3C00DD76B5 /* libz.tbd */,
				0BE7F64D1C211E3200DD76B5 /* libsqlite3.tbd */,
				0BE7F64B1C211E2700DD76B5 /* SystemConfiguration.framework */,
				0BE7F6491C211E1D00DD76B5 /* StoreKit.framework */,
				0BE7F6471C211E1400DD76B5 /* Security.framework */,
				0BE7F6451C211E0900DD76B5 /* QuartzCore.framework */,
				0BE7F6431C211DFF00DD76B5 /* MobileCoreServices.framework */,
				0BE7F6411C211DF400DD76B5 /* CoreLocation.framework */,
				0BE7F63F1C211DEA00DD76B5 /* CoreGraphics.framework */,
				0BE7F63D1C211DDE00DD76B5 /* CFNetwork.framework */,
				0BE7F63B1C211DD000DD76B5 /* AudioToolbox.framework */,
				9FBE6F5EB3694679FC22FF82 /* Pods_CalendarApp.framework */,
			);
			name = Frameworks;
			sourceTree = "<group>";
		};
		15AD4D77E24D075BBB940E28 /* Pods */ = {
			isa = PBXGroup;
			children = (
				09B9917A2680051F6E589D3D /* Pods-CalendarApp.debug.xcconfig */,
				745AAD1A15D9637469CA96D9 /* Pods-CalendarApp.release.xcconfig */,
			);
			name = Pods;
			sourceTree = "<group>";
		};
/* End PBXGroup section */

/* Begin PBXNativeTarget section */
		0B6A92791BEF3BF2009A7B2E /* CalendarApp */ = {
			isa = PBXNativeTarget;
			buildConfigurationList = 0B6A92A21BEF3BF3009A7B2E /* Build configuration list for PBXNativeTarget "CalendarApp" */;
			buildPhases = (
				2C00BDB474DCE9FE5A8E1F94 /* Check Pods Manifest.lock */,
				0B6A92761BEF3BF2009A7B2E /* Sources */,
				0B6A92771BEF3BF2009A7B2E /* Frameworks */,
				0B6A92781BEF3BF2009A7B2E /* Resources */,
				58A44F5044002D3D81510061 /* Embed Pods Frameworks */,
				1434CE43B41357BAFD986C19 /* Copy Pods Resources */,
			);
			buildRules = (
			);
			dependencies = (
			);
			name = CalendarApp;
			productName = CalendarApp;
			productReference = 0B6A927A1BEF3BF2009A7B2E /* CalendarApp.app */;
			productType = "com.apple.product-type.application";
		};
		0B6A928D1BEF3BF3009A7B2E /* CalendarAppTests */ = {
			isa = PBXNativeTarget;
			buildConfigurationList = 0B6A92A51BEF3BF3009A7B2E /* Build configuration list for PBXNativeTarget "CalendarAppTests" */;
			buildPhases = (
				0B6A928A1BEF3BF3009A7B2E /* Sources */,
				0B6A928B1BEF3BF3009A7B2E /* Frameworks */,
				0B6A928C1BEF3BF3009A7B2E /* Resources */,
			);
			buildRules = (
			);
			dependencies = (
				0B6A92901BEF3BF3009A7B2E /* PBXTargetDependency */,
			);
			name = CalendarAppTests;
			productName = CalendarAppTests;
			productReference = 0B6A928E1BEF3BF3009A7B2E /* CalendarAppTests.xctest */;
			productType = "com.apple.product-type.bundle.unit-test";
		};
		0B6A92981BEF3BF3009A7B2E /* CalendarAppUITests */ = {
			isa = PBXNativeTarget;
			buildConfigurationList = 0B6A92A81BEF3BF3009A7B2E /* Build configuration list for PBXNativeTarget "CalendarAppUITests" */;
			buildPhases = (
				0B6A92951BEF3BF3009A7B2E /* Sources */,
				0B6A92961BEF3BF3009A7B2E /* Frameworks */,
				0B6A92971BEF3BF3009A7B2E /* Resources */,
			);
			buildRules = (
			);
			dependencies = (
				0B6A929B1BEF3BF3009A7B2E /* PBXTargetDependency */,
			);
			name = CalendarAppUITests;
			productName = CalendarAppUITests;
			productReference = 0B6A92991BEF3BF3009A7B2E /* CalendarAppUITests.xctest */;
			productType = "com.apple.product-type.bundle.ui-testing";
		};
/* End PBXNativeTarget section */

/* Begin PBXProject section */
		0B6A92721BEF3BF2009A7B2E /* Project object */ = {
			isa = PBXProject;
			attributes = {
				LastUpgradeCheck = 0700;
				ORGANIZATIONNAME = "Sakuramoto Shizuka";
				TargetAttributes = {
					0B6A92791BEF3BF2009A7B2E = {
						CreatedOnToolsVersion = 7.0.1;
						DevelopmentTeam = 9BVTCLL925;
					};
					0B6A928D1BEF3BF3009A7B2E = {
						CreatedOnToolsVersion = 7.0.1;
						DevelopmentTeam = 9BVTCLL925;
						TestTargetID = 0B6A92791BEF3BF2009A7B2E;
					};
					0B6A92981BEF3BF3009A7B2E = {
						CreatedOnToolsVersion = 7.0.1;
						DevelopmentTeam = 9BVTCLL925;
						TestTargetID = 0B6A92791BEF3BF2009A7B2E;
					};
				};
			};
			buildConfigurationList = 0B6A92751BEF3BF2009A7B2E /* Build configuration list for PBXProject "CalendarApp" */;
			compatibilityVersion = "Xcode 3.2";
			developmentRegion = English;
			hasScannedForEncodings = 0;
			knownRegions = (
				en,
				Base,
			);
			mainGroup = 0B6A92711BEF3BF2009A7B2E;
			productRefGroup = 0B6A927B1BEF3BF2009A7B2E /* Products */;
			projectDirPath = "";
			projectRoot = "";
			targets = (
				0B6A92791BEF3BF2009A7B2E /* CalendarApp */,
				0B6A928D1BEF3BF3009A7B2E /* CalendarAppTests */,
				0B6A92981BEF3BF3009A7B2E /* CalendarAppUITests */,
			);
		};
/* End PBXProject section */

/* Begin PBXResourcesBuildPhase section */
		0B6A92781BEF3BF2009A7B2E /* Resources */ = {
			isa = PBXResourcesBuildPhase;
			buildActionMask = 2147483647;
			files = (
				0BCFBF2A1D4CDAAE0041FB4A /* TitleTableViewCell.xib in Resources */,
				0B656A2E1C21A96A0024D6F3 /* CreateUserTableViewCell.xib in Resources */,
				0BA523901C1F187C00133342 /* Edit Filled-32.png in Resources */,
				0B141D7E1C2A63760029E6EA /* menu.png in Resources */,
				0BA5238B1C1F187C00133342 /* Panda Filled-32.png in Resources */,
				0B0E59BA1C15569500522111 /* ハート.jpg in Resources */,
				0B27EE9B1D52151F00F0F67C /* SelectUserTableViewCell.xib in Resources */,
				0BCD96CB1C1E8C0D007E9B92 /* StampCollectionViewCell.xib in Resources */,
				0B6A92881BEF3BF2009A7B2E /* LaunchScreen.storyboard in Resources */,
				0BDA58981D392C2400D1A81A /* CancelButtonHeaderView.xib in Resources */,
				0BA5238A1C1F187C00133342 /* Hair Dryer-32.png in Resources */,
				0B87419C1D4B6C9000DB76F0 /* approval.png in Resources */,
				0B27EEB11D5216CF00F0F67C /* cancel_pink.png in Resources */,
				0BA5238D1C1F187C00133342 /* Document Filled-32.png in Resources */,
				0BC16F7A1CAA5424005A25F4 /* lock.png in Resources */,
				0B23F06B1D324FD300BAA63E /* Disclosure Indicator.png in Resources */,
				0B8441281CDCB3D100A9071C /* Settings-50 (1).png in Resources */,
				0B7586A61C224E8A00816379 /* UserImageTableViewCell.xib in Resources */,
				0BA523881C1F187C00133342 /* Yoga Filled-32.png in Resources */,
				0B23F0691D31F59A00BAA63E /* camera.png in Resources */,
				0B5C80AE1CBD439700459B8D /* Audio Wave 2-32.png in Resources */,
				0B23F05B1D31F1BD00BAA63E /* StampImageTableViewCell.xib in Resources */,
				0B141D701C2911360029E6EA /* RankingTableViewCell.xib in Resources */,
				0BED60251C1AA02100022AA5 /* checked.png in Resources */,
				0B37F81A1C2D156E00D6AE82 /* UserEdit.storyboard in Resources */,
				0B27EE901D52150C00F0F67C /* defaultUser.png in Resources */,
				0B23F04A1D2FBC5400BAA63E /* CreateCalendar.storyboard in Resources */,
				0BA5238C1C1F187C00133342 /* Settings-32.png in Resources */,
				0BC16F761CAA53B9005A25F4 /* Photos.png in Resources */,
				0B656A3A1C21B3E20024D6F3 /* NextBtnTableViewCell.xib in Resources */,
				0BA523891C1F187C00133342 /* Santas Hat Filled-32.png in Resources */,
				0B75869A1C21EC6100816379 /* FaceBookTableViewCell.xib in Resources */,
				0B5C80AF1CBD439700459B8D /* Calendar-32.png in Resources */,
				0BA5238E1C1F187C00133342 /* Document-32.png in Resources */,
				0B6A92851BEF3BF2009A7B2E /* Assets.xcassets in Resources */,
				0BA523911C1F187C00133342 /* Sports Mode-32.png in Resources */,
				0BA523861C1F187C00133342 /* Pushups-32.png in Resources */,
				0B27EE8D1D5214F700F0F67C /* ColorTableViewCell.xib in Resources */,
				0B2B412D1C4A7C2C0031F9C2 /* ちっちさんImage.png in Resources */,
				0B23F0651D31F4A800BAA63E /* color.png in Resources */,
				0B37F8221C2DFA5700D6AE82 /* Icon-83.5@2x.png in Resources */,
				0B23F06F1D361ADE00BAA63E /* Cancel.png in Resources */,
				0B27EE911D52150C00F0F67C /* selectCircle.png in Resources */,
				0B27EEAD1D52157600F0F67C /* UserInvitationTableViewCell.xib in Resources */,
				0B23F0671D31F4A800BAA63E /* users.png in Resources */,
				0B141D781C2A40840029E6EA /* sideUserTableViewCell.xib in Resources */,
				0B27EEB81D52209E00F0F67C /* appointmentReminder.png in Resources */,
				0BA523921C1F187C00133342 /* Portrait Mode-32.png in Resources */,
				0BA523871C1F187C00133342 /* Wakeup Hill on Stairs Filled-32.png in Resources */,
				0BC16F701CAA5060005A25F4 /* user.png in Resources */,
				0BC16F721CAA51B7005A25F4 /* plus.png in Resources */,
				0B8441261CDCB2E100A9071C /* setting.png in Resources */,
				0B8307381CFECA1400C1C47C /* shizuka.jpg in Resources */,
				0B23F0661D31F4A800BAA63E /* pen.png in Resources */,
				0B27EE9D1D52153A00F0F67C /* unSelctCircle.png in Resources */,
				0BC16F781CAA5416005A25F4 /* mail.png in Resources */,
				0B656A401C21B6410024D6F3 /* OrViewTableViewCell.xib in Resources */,
				0B37F8201C2DF6D400D6AE82 /* Launch Screen.storyboard in Resources */,
				0B6A92831BEF3BF2009A7B2E /* Main.storyboard in Resources */,
				0BA523851C1F187C00133342 /* Gift-32.png in Resources */,
				0B27EEAA1D52157600F0F67C /* UserInvitationCollectionViewCell.xib in Resources */,
				0BED60431C1D496300022AA5 /* ギャル.jpg in Resources */,
			);
			runOnlyForDeploymentPostprocessing = 0;
		};
		0B6A928C1BEF3BF3009A7B2E /* Resources */ = {
			isa = PBXResourcesBuildPhase;
			buildActionMask = 2147483647;
			files = (
			);
			runOnlyForDeploymentPostprocessing = 0;
		};
		0B6A92971BEF3BF3009A7B2E /* Resources */ = {
			isa = PBXResourcesBuildPhase;
			buildActionMask = 2147483647;
			files = (
			);
			runOnlyForDeploymentPostprocessing = 0;
		};
/* End PBXResourcesBuildPhase section */

/* Begin PBXShellScriptBuildPhase section */
		1434CE43B41357BAFD986C19 /* Copy Pods Resources */ = {
			isa = PBXShellScriptBuildPhase;
			buildActionMask = 2147483647;
			files = (
			);
			inputPaths = (
			);
			name = "Copy Pods Resources";
			outputPaths = (
			);
			runOnlyForDeploymentPostprocessing = 0;
			shellPath = /bin/sh;
			shellScript = "\"${SRCROOT}/Pods/Target Support Files/Pods-CalendarApp/Pods-CalendarApp-resources.sh\"\n";
			showEnvVarsInLog = 0;
		};
		2C00BDB474DCE9FE5A8E1F94 /* Check Pods Manifest.lock */ = {
			isa = PBXShellScriptBuildPhase;
			buildActionMask = 2147483647;
			files = (
			);
			inputPaths = (
			);
			name = "Check Pods Manifest.lock";
			outputPaths = (
			);
			runOnlyForDeploymentPostprocessing = 0;
			shellPath = /bin/sh;
			shellScript = "diff \"${PODS_ROOT}/../Podfile.lock\" \"${PODS_ROOT}/Manifest.lock\" > /dev/null\nif [[ $? != 0 ]] ; then\n    cat << EOM\nerror: The sandbox is not in sync with the Podfile.lock. Run 'pod install' or update your CocoaPods installation.\nEOM\n    exit 1\nfi\n";
			showEnvVarsInLog = 0;
		};
		58A44F5044002D3D81510061 /* Embed Pods Frameworks */ = {
			isa = PBXShellScriptBuildPhase;
			buildActionMask = 2147483647;
			files = (
			);
			inputPaths = (
			);
			name = "Embed Pods Frameworks";
			outputPaths = (
			);
			runOnlyForDeploymentPostprocessing = 0;
			shellPath = /bin/sh;
			shellScript = "\"${SRCROOT}/Pods/Target Support Files/Pods-CalendarApp/Pods-CalendarApp-frameworks.sh\"\n";
			showEnvVarsInLog = 0;
		};
/* End PBXShellScriptBuildPhase section */

/* Begin PBXSourcesBuildPhase section */
		0B6A92761BEF3BF2009A7B2E /* Sources */ = {
			isa = PBXSourcesBuildPhase;
			buildActionMask = 2147483647;
			files = (
				0BCD96C71C1E89BB007E9B92 /* StampCollectionView.swift in Sources */,
				0BED601B1C19334300022AA5 /* SideMenu.swift in Sources */,
				0B7586A51C224E8A00816379 /* UserImageTableViewCell.swift in Sources */,
				0B141D6F1C2911360029E6EA /* RankingTableViewCell.swift in Sources */,
				0B141D771C2A40840029E6EA /* sideUserTableViewCell.swift in Sources */,
				0B27EE8C1D5214F700F0F67C /* ColorTableViewCell.swift in Sources */,
				0B0057381D256390000A8472 /* StampedDate.swift in Sources */,
				0B7586B11C22AFF500816379 /* UIImage+Extension.swift in Sources */,
				0B27EEA91D52157600F0F67C /* UserInvitationCollectionViewCell.swift in Sources */,
				0B656A3F1C21B6410024D6F3 /* OrViewTableViewCell.swift in Sources */,
				0BCD96CA1C1E8C0D007E9B92 /* StampCollectionViewCell.swift in Sources */,
				0B27EE9A1D52151F00F0F67C /* SelectUserTableViewCell.swift in Sources */,
				0B27EE971D52151F00F0F67C /* SelectedUserCollectionView.swift in Sources */,
				0B7586991C21EC6100816379 /* FaceBookTableViewCell.swift in Sources */,
				0B656A281C219E330024D6F3 /* SignUpViewController.swift in Sources */,
				0B7586AF1C22A92F00816379 /* User.swift in Sources */,
				0BFCFD831C2D06710052C778 /* UserEditViewController.swift in Sources */,
				0B141D6C1C290DBB0029E6EA /* RecordTableView.swift in Sources */,
				0B27EE991D52151F00F0F67C /* SelectedUserCollectionVM.swift in Sources */,
				0B2338431D41DCA00021A184 /* UIStroryBoard+Extension.swift in Sources */,
				0B27EEAE1D52157600F0F67C /* UserInvitationView.swift in Sources */,
				0B27EE9F1D52154400F0F67C /* UserInvitaionVM.swift in Sources */,
				0B6A92801BEF3BF2009A7B2E /* CalendarViewController.swift in Sources */,
				0BD3453F1C2651C70056C44A /* UIButton+Extension.swift in Sources */,
				0B0057311D221AB3000A8472 /* Settings.swift in Sources */,
				0B7586B31C22DFF200816379 /* CurrentUser.swift in Sources */,
				0BE80B051C00381400655517 /* CalendarCell.swift in Sources */,
				0B656A2D1C21A96A0024D6F3 /* CreateUserTableViewCell.swift in Sources */,
				0B23F0501D2FED8000BAA63E /* CreateCalendarView.swift in Sources */,
				0BCFBF261D4C997E0041FB4A /* UIAlertController+Extension.swift in Sources */,
				0B6A927E1BEF3BF2009A7B2E /* AppDelegate.swift in Sources */,
				0B656A261C219E210024D6F3 /* TopViewController.swift in Sources */,
				0B27EEAC1D52157600F0F67C /* UserInvitationTableViewCell.swift in Sources */,
				0B2199061D099ACF008FD0D4 /* CalendarThemeColor.swift in Sources */,
				0B656A391C21B3E20024D6F3 /* NextBtnTableViewCell.swift in Sources */,
				0B825A401D0969B3008AB971 /* StockCalendars.swift in Sources */,
				0B27EE981D52151F00F0F67C /* SelectedUserCollectionViewCell.swift in Sources */,
				0BE80B411C01CB5400655517 /* UIColor+Extension.swift in Sources */,
				0B0DD70E1C05805800BF9E7F /* Calendar.swift in Sources */,
				0B23F04E1D2FE81000BAA63E /* CreateCalendarVM.swift in Sources */,
				0B27EEAF1D52157600F0F67C /* UserInvitationViewController.swift in Sources */,
				0BE7F6351C1FF4B500DD76B5 /* ColorTableViewController.swift in Sources */,
				0B27EEA81D52157600F0F67C /* UserInvitationCollectionView.swift in Sources */,
				0B2199081D099B1F008FD0D4 /* CalendarThemeColors.swift in Sources */,
				0B27EE831D51F95900F0F67C /* UIFont+Extension.swift in Sources */,
				0B0DD7101C05807200BF9E7F /* CalenderManager.swift in Sources */,
				0B27EEAB1D52157600F0F67C /* UserInvitationManager.swift in Sources */,
				0B23F04C1D2FE50300BAA63E /* CreateCalendarViewController.swift in Sources */,
				0B23F05A1D31F1BD00BAA63E /* StampImageTableViewCell.swift in Sources */,
				0BCFBF291D4CDAAE0041FB4A /* TitleTableViewCell.swift in Sources */,
				0BED601D1C19337300022AA5 /* MenuTableViewController.swift in Sources */,
				0BD173751C09CEEB006873CD /* DateManager.swift in Sources */,
				0B0DD7121C05823900BF9E7F /* NSDate+Extension.swift in Sources */,
				0BDA58971D392C2300D1A81A /* CancelButtonHeaderView.swift in Sources */,
				0B656A2A1C219E400024D6F3 /* LoginViewController.swift in Sources */,
				0B0057351D24E4E1000A8472 /* StampedDateManager.swift in Sources */,
				0B27EEBA1D5225C400F0F67C /* UINavigationItem+Extension.swift in Sources */,
			);
			runOnlyForDeploymentPostprocessing = 0;
		};
		0B6A928A1BEF3BF3009A7B2E /* Sources */ = {
			isa = PBXSourcesBuildPhase;
			buildActionMask = 2147483647;
			files = (
				0B6A92931BEF3BF3009A7B2E /* CalendarAppTests.swift in Sources */,
			);
			runOnlyForDeploymentPostprocessing = 0;
		};
		0B6A92951BEF3BF3009A7B2E /* Sources */ = {
			isa = PBXSourcesBuildPhase;
			buildActionMask = 2147483647;
			files = (
				0B6A929E1BEF3BF3009A7B2E /* CalendarAppUITests.swift in Sources */,
			);
			runOnlyForDeploymentPostprocessing = 0;
		};
/* End PBXSourcesBuildPhase section */

/* Begin PBXTargetDependency section */
		0B6A92901BEF3BF3009A7B2E /* PBXTargetDependency */ = {
			isa = PBXTargetDependency;
			target = 0B6A92791BEF3BF2009A7B2E /* CalendarApp */;
			targetProxy = 0B6A928F1BEF3BF3009A7B2E /* PBXContainerItemProxy */;
		};
		0B6A929B1BEF3BF3009A7B2E /* PBXTargetDependency */ = {
			isa = PBXTargetDependency;
			target = 0B6A92791BEF3BF2009A7B2E /* CalendarApp */;
			targetProxy = 0B6A929A1BEF3BF3009A7B2E /* PBXContainerItemProxy */;
		};
/* End PBXTargetDependency section */

/* Begin PBXVariantGroup section */
		0B6A92811BEF3BF2009A7B2E /* Main.storyboard */ = {
			isa = PBXVariantGroup;
			children = (
				0B6A92821BEF3BF2009A7B2E /* Base */,
			);
			name = Main.storyboard;
			sourceTree = "<group>";
		};
		0B6A92861BEF3BF2009A7B2E /* LaunchScreen.storyboard */ = {
			isa = PBXVariantGroup;
			children = (
				0B6A92871BEF3BF2009A7B2E /* Base */,
			);
			name = LaunchScreen.storyboard;
			sourceTree = "<group>";
		};
/* End PBXVariantGroup section */

/* Begin XCBuildConfiguration section */
		0B6A92A01BEF3BF3009A7B2E /* Debug */ = {
			isa = XCBuildConfiguration;
			buildSettings = {
				ALWAYS_SEARCH_USER_PATHS = NO;
				CLANG_CXX_LANGUAGE_STANDARD = "gnu++0x";
				CLANG_CXX_LIBRARY = "libc++";
				CLANG_ENABLE_MODULES = YES;
				CLANG_ENABLE_OBJC_ARC = YES;
				CLANG_WARN_BOOL_CONVERSION = YES;
				CLANG_WARN_CONSTANT_CONVERSION = YES;
				CLANG_WARN_DIRECT_OBJC_ISA_USAGE = YES_ERROR;
				CLANG_WARN_EMPTY_BODY = YES;
				CLANG_WARN_ENUM_CONVERSION = YES;
				CLANG_WARN_INT_CONVERSION = YES;
				CLANG_WARN_OBJC_ROOT_CLASS = YES_ERROR;
				CLANG_WARN_UNREACHABLE_CODE = YES;
				CLANG_WARN__DUPLICATE_METHOD_MATCH = YES;
				"CODE_SIGN_IDENTITY[sdk=iphoneos*]" = "iPhone Developer";
				COPY_PHASE_STRIP = NO;
				DEBUG_INFORMATION_FORMAT = dwarf;
				ENABLE_STRICT_OBJC_MSGSEND = YES;
				ENABLE_TESTABILITY = YES;
				GCC_C_LANGUAGE_STANDARD = gnu99;
				GCC_DYNAMIC_NO_PIC = NO;
				GCC_NO_COMMON_BLOCKS = YES;
				GCC_OPTIMIZATION_LEVEL = 0;
				GCC_PREPROCESSOR_DEFINITIONS = (
					"DEBUG=1",
					"$(inherited)",
				);
				GCC_WARN_64_TO_32_BIT_CONVERSION = YES;
				GCC_WARN_ABOUT_RETURN_TYPE = YES_ERROR;
				GCC_WARN_UNDECLARED_SELECTOR = YES;
				GCC_WARN_UNINITIALIZED_AUTOS = YES_AGGRESSIVE;
				GCC_WARN_UNUSED_FUNCTION = YES;
				GCC_WARN_UNUSED_VARIABLE = YES;
				IPHONEOS_DEPLOYMENT_TARGET = 9.0;
				MTL_ENABLE_DEBUG_INFO = YES;
				ONLY_ACTIVE_ARCH = YES;
				SDKROOT = iphoneos;
				SWIFT_OPTIMIZATION_LEVEL = "-Onone";
			};
			name = Debug;
		};
		0B6A92A11BEF3BF3009A7B2E /* Release */ = {
			isa = XCBuildConfiguration;
			buildSettings = {
				ALWAYS_SEARCH_USER_PATHS = NO;
				CLANG_CXX_LANGUAGE_STANDARD = "gnu++0x";
				CLANG_CXX_LIBRARY = "libc++";
				CLANG_ENABLE_MODULES = YES;
				CLANG_ENABLE_OBJC_ARC = YES;
				CLANG_WARN_BOOL_CONVERSION = YES;
				CLANG_WARN_CONSTANT_CONVERSION = YES;
				CLANG_WARN_DIRECT_OBJC_ISA_USAGE = YES_ERROR;
				CLANG_WARN_EMPTY_BODY = YES;
				CLANG_WARN_ENUM_CONVERSION = YES;
				CLANG_WARN_INT_CONVERSION = YES;
				CLANG_WARN_OBJC_ROOT_CLASS = YES_ERROR;
				CLANG_WARN_UNREACHABLE_CODE = YES;
				CLANG_WARN__DUPLICATE_METHOD_MATCH = YES;
				"CODE_SIGN_IDENTITY[sdk=iphoneos*]" = "iPhone Developer";
				COPY_PHASE_STRIP = NO;
				DEBUG_INFORMATION_FORMAT = "dwarf-with-dsym";
				ENABLE_NS_ASSERTIONS = NO;
				ENABLE_STRICT_OBJC_MSGSEND = YES;
				GCC_C_LANGUAGE_STANDARD = gnu99;
				GCC_NO_COMMON_BLOCKS = YES;
				GCC_WARN_64_TO_32_BIT_CONVERSION = YES;
				GCC_WARN_ABOUT_RETURN_TYPE = YES_ERROR;
				GCC_WARN_UNDECLARED_SELECTOR = YES;
				GCC_WARN_UNINITIALIZED_AUTOS = YES_AGGRESSIVE;
				GCC_WARN_UNUSED_FUNCTION = YES;
				GCC_WARN_UNUSED_VARIABLE = YES;
				IPHONEOS_DEPLOYMENT_TARGET = 9.0;
				MTL_ENABLE_DEBUG_INFO = NO;
				SDKROOT = iphoneos;
				VALIDATE_PRODUCT = YES;
			};
			name = Release;
		};
		0B6A92A31BEF3BF3009A7B2E /* Debug */ = {
			isa = XCBuildConfiguration;
			baseConfigurationReference = 09B9917A2680051F6E589D3D /* Pods-CalendarApp.debug.xcconfig */;
			buildSettings = {
				ASSETCATALOG_COMPILER_APPICON_NAME = AppIcon;
				CODE_SIGN_IDENTITY = "iPhone Developer";
				"CODE_SIGN_IDENTITY[sdk=iphoneos*]" = "iPhone Developer";
				FRAMEWORK_SEARCH_PATHS = (
					"$(inherited)",
					"$(PROJECT_DIR)",
				);
				INFOPLIST_FILE = CalendarApp/Info.plist;
				LD_RUNPATH_SEARCH_PATHS = "$(inherited) @executable_path/Frameworks";
				PRODUCT_BUNDLE_IDENTIFIER = jp.shizuka.sakuramoto.CalendarApp;
				PRODUCT_NAME = "$(TARGET_NAME)";
				PROVISIONING_PROFILE = "";
				SWIFT_OBJC_BRIDGING_HEADER = "CalendarApp-Bridging-Header.h.h";
			};
			name = Debug;
		};
		0B6A92A41BEF3BF3009A7B2E /* Release */ = {
			isa = XCBuildConfiguration;
			baseConfigurationReference = 745AAD1A15D9637469CA96D9 /* Pods-CalendarApp.release.xcconfig */;
			buildSettings = {
				ASSETCATALOG_COMPILER_APPICON_NAME = AppIcon;
				CODE_SIGN_IDENTITY = "iPhone Developer";
				"CODE_SIGN_IDENTITY[sdk=iphoneos*]" = "iPhone Developer";
				FRAMEWORK_SEARCH_PATHS = (
					"$(inherited)",
					"$(PROJECT_DIR)",
				);
				INFOPLIST_FILE = CalendarApp/Info.plist;
				LD_RUNPATH_SEARCH_PATHS = "$(inherited) @executable_path/Frameworks";
				PRODUCT_BUNDLE_IDENTIFIER = jp.shizuka.sakuramoto.CalendarApp;
				PRODUCT_NAME = "$(TARGET_NAME)";
				PROVISIONING_PROFILE = "";
				SWIFT_OBJC_BRIDGING_HEADER = "CalendarApp-Bridging-Header.h.h";
			};
			name = Release;
		};
		0B6A92A61BEF3BF3009A7B2E /* Debug */ = {
			isa = XCBuildConfiguration;
			buildSettings = {
				BUNDLE_LOADER = "$(TEST_HOST)";
				INFOPLIST_FILE = CalendarAppTests/Info.plist;
				LD_RUNPATH_SEARCH_PATHS = "$(inherited) @executable_path/Frameworks @loader_path/Frameworks";
				PRODUCT_BUNDLE_IDENTIFIER = jp.shizuka.sakuramoto.CalendarAppTests;
				PRODUCT_NAME = "$(TARGET_NAME)";
				TEST_HOST = "$(BUILT_PRODUCTS_DIR)/CalendarApp.app/CalendarApp";
			};
			name = Debug;
		};
		0B6A92A71BEF3BF3009A7B2E /* Release */ = {
			isa = XCBuildConfiguration;
			buildSettings = {
				BUNDLE_LOADER = "$(TEST_HOST)";
				INFOPLIST_FILE = CalendarAppTests/Info.plist;
				LD_RUNPATH_SEARCH_PATHS = "$(inherited) @executable_path/Frameworks @loader_path/Frameworks";
				PRODUCT_BUNDLE_IDENTIFIER = jp.shizuka.sakuramoto.CalendarAppTests;
				PRODUCT_NAME = "$(TARGET_NAME)";
				TEST_HOST = "$(BUILT_PRODUCTS_DIR)/CalendarApp.app/CalendarApp";
			};
			name = Release;
		};
		0B6A92A91BEF3BF3009A7B2E /* Debug */ = {
			isa = XCBuildConfiguration;
			buildSettings = {
				INFOPLIST_FILE = CalendarAppUITests/Info.plist;
				LD_RUNPATH_SEARCH_PATHS = "$(inherited) @executable_path/Frameworks @loader_path/Frameworks";
				PRODUCT_BUNDLE_IDENTIFIER = jp.shizuka.sakuramoto.CalendarAppUITests;
				PRODUCT_NAME = "$(TARGET_NAME)";
				TEST_TARGET_NAME = CalendarApp;
				USES_XCTRUNNER = YES;
			};
			name = Debug;
		};
		0B6A92AA1BEF3BF3009A7B2E /* Release */ = {
			isa = XCBuildConfiguration;
			buildSettings = {
				INFOPLIST_FILE = CalendarAppUITests/Info.plist;
				LD_RUNPATH_SEARCH_PATHS = "$(inherited) @executable_path/Frameworks @loader_path/Frameworks";
				PRODUCT_BUNDLE_IDENTIFIER = jp.shizuka.sakuramoto.CalendarAppUITests;
				PRODUCT_NAME = "$(TARGET_NAME)";
				TEST_TARGET_NAME = CalendarApp;
				USES_XCTRUNNER = YES;
			};
			name = Release;
		};
/* End XCBuildConfiguration section */

/* Begin XCConfigurationList section */
		0B6A92751BEF3BF2009A7B2E /* Build configuration list for PBXProject "CalendarApp" */ = {
			isa = XCConfigurationList;
			buildConfigurations = (
				0B6A92A01BEF3BF3009A7B2E /* Debug */,
				0B6A92A11BEF3BF3009A7B2E /* Release */,
			);
			defaultConfigurationIsVisible = 0;
			defaultConfigurationName = Release;
		};
		0B6A92A21BEF3BF3009A7B2E /* Build configuration list for PBXNativeTarget "CalendarApp" */ = {
			isa = XCConfigurationList;
			buildConfigurations = (
				0B6A92A31BEF3BF3009A7B2E /* Debug */,
				0B6A92A41BEF3BF3009A7B2E /* Release */,
			);
			defaultConfigurationIsVisible = 0;
			defaultConfigurationName = Release;
		};
		0B6A92A51BEF3BF3009A7B2E /* Build configuration list for PBXNativeTarget "CalendarAppTests" */ = {
			isa = XCConfigurationList;
			buildConfigurations = (
				0B6A92A61BEF3BF3009A7B2E /* Debug */,
				0B6A92A71BEF3BF3009A7B2E /* Release */,
			);
			defaultConfigurationIsVisible = 0;
			defaultConfigurationName = Release;
		};
		0B6A92A81BEF3BF3009A7B2E /* Build configuration list for PBXNativeTarget "CalendarAppUITests" */ = {
			isa = XCConfigurationList;
			buildConfigurations = (
				0B6A92A91BEF3BF3009A7B2E /* Debug */,
				0B6A92AA1BEF3BF3009A7B2E /* Release */,
			);
			defaultConfigurationIsVisible = 0;
			defaultConfigurationName = Release;
		};
/* End XCConfigurationList section */
	};
	rootObject = 0B6A92721BEF3BF2009A7B2E /* Project object */;
}
